
Microsoft Visual Studio Solution File, Format Version 12.00
# Visual Studio 15
VisualStudioVersion = 15.0.26730.10
MinimumVisualStudioVersion = 10.0.40219.1
Project("{FAE04EC0-301F-11D3-BF4B-00C04F79EFBC}") = "App1.Android", "App1\App1.Android\App1.Android.csproj", "{7D51CEDC-F93F-47F3-817D-3446ABB5E8DE}"
EndProject
Project("{FAE04EC0-301F-11D3-BF4B-00C04F79EFBC}") = "App1", "App1\App1\App1.csproj", "{189EE03E-6768-4993-A15E-6A0703D72660}"
EndProject
Project("{FAE04EC0-301F-11D3-BF4B-00C04F79EFBC}") = "App1.UWP", "App1\App1.UWP\App1.UWP.csproj", "{588B07E6-66FC-4B4D-BD8B-1C348935726E}"
EndProject
Project("{FAE04EC0-301F-11D3-BF4B-00C04F79EFBC}") = "App1.iOS", "App1\App1.iOS\App1.iOS.csproj", "{AC648C14-03DF-4A5D-A2AD-BE81991D63AD}"
EndProject
Global
	GlobalSection(SolutionConfigurationPlatforms) = preSolution
		Ad-Hoc|Any CPU = Ad-Hoc|Any CPU
		Ad-Hoc|ARM = Ad-Hoc|ARM
		Ad-Hoc|iPhone = Ad-Hoc|iPhone
		Ad-Hoc|iPhoneSimulator = Ad-Hoc|iPhoneSimulator
		Ad-Hoc|x64 = Ad-Hoc|x64
		Ad-Hoc|x86 = Ad-Hoc|x86
		AppStore|Any CPU = AppStore|Any CPU
		AppStore|ARM = AppStore|ARM
		AppStore|iPhone = AppStore|iPhone
		AppStore|iPhoneSimulator = AppStore|iPhoneSimulator
		AppStore|x64 = AppStore|x64
		AppStore|x86 = AppStore|x86
		Debug|Any CPU = Debug|Any CPU
		Debug|ARM = Debug|ARM
		Debug|iPhone = Debug|iPhone
		Debug|iPhoneSimulator = Debug|iPhoneSimulator
		Debug|x64 = Debug|x64
		Debug|x86 = Debug|x86
		Release|Any CPU = Release|Any CPU
		Release|ARM = Release|ARM
		Release|iPhone = Release|iPhone
		Release|iPhoneSimulator = Release|iPhoneSimulator
		Release|x64 = Release|x64
		Release|x86 = Release|x86
	EndGlobalSection
	GlobalSection(ProjectConfigurationPlatforms) = postSolution
		{7D51CEDC-F93F-47F3-817D-3446ABB5E8DE}.Ad-Hoc|Any CPU.ActiveCfg = Release|Any CPU
		{7D51CEDC-F93F-47F3-817D-3446ABB5E8DE}.Ad-Hoc|Any CPU.Build.0 = Release|Any CPU
		{7D51CEDC-F93F-47F3-817D-3446ABB5E8DE}.Ad-Hoc|Any CPU.Deploy.0 = Release|Any CPU
		{7D51CEDC-F93F-47F3-817D-3446ABB5E8DE}.Ad-Hoc|ARM.ActiveCfg = Release|Any CPU
		{7D51CEDC-F93F-47F3-817D-3446ABB5E8DE}.Ad-Hoc|ARM.Build.0 = Release|Any CPU
		{7D51CEDC-F93F-47F3-817D-3446ABB5E8DE}.Ad-Hoc|ARM.Deploy.0 = Release|Any CPU
		{7D51CEDC-F93F-47F3-817D-3446ABB5E8DE}.Ad-Hoc|iPhone.ActiveCfg = Release|Any CPU
		{7D51CEDC-F93F-47F3-817D-3446ABB5E8DE}.Ad-Hoc|iPhone.Build.0 = Release|Any CPU
		{7D51CEDC-F93F-47F3-817D-3446ABB5E8DE}.Ad-Hoc|iPhone.Deploy.0 = Release|Any CPU
		{7D51CEDC-F93F-47F3-817D-3446ABB5E8DE}.Ad-Hoc|iPhoneSimulator.ActiveCfg = Release|Any CPU
		{7D51CEDC-F93F-47F3-817D-3446ABB5E8DE}.Ad-Hoc|iPhoneSimulator.Build.0 = Release|Any CPU
		{7D51CEDC-F93F-47F3-817D-3446ABB5E8DE}.Ad-Hoc|iPhoneSimulator.Deploy.0 = Release|Any CPU
		{7D51CEDC-F93F-47F3-817D-3446ABB5E8DE}.Ad-Hoc|x64.ActiveCfg = Release|Any CPU
		{7D51CEDC-F93F-47F3-817D-3446ABB5E8DE}.Ad-Hoc|x64.Build.0 = Release|Any CPU
		{7D51CEDC-F93F-47F3-817D-3446ABB5E8DE}.Ad-Hoc|x64.Deploy.0 = Release|Any CPU
		{7D51CEDC-F93F-47F3-817D-3446ABB5E8DE}.Ad-Hoc|x86.ActiveCfg = Release|Any CPU
		{7D51CEDC-F93F-47F3-817D-3446ABB5E8DE}.Ad-Hoc|x86.Build.0 = Release|Any CPU
		{7D51CEDC-F93F-47F3-817D-3446ABB5E8DE}.Ad-Hoc|x86.Deploy.0 = Release|Any CPU
		{7D51CEDC-F93F-47F3-817D-3446ABB5E8DE}.AppStore|Any CPU.ActiveCfg = Release|Any CPU
		{7D51CEDC-F93F-47F3-817D-3446ABB5E8DE}.AppStore|Any CPU.Build.0 = Release|Any CPU
		{7D51CEDC-F93F-47F3-817D-3446ABB5E8DE}.AppStore|Any CPU.Deploy.0 = Release|Any CPU
		{7D51CEDC-F93F-47F3-817D-3446ABB5E8DE}.AppStore|ARM.ActiveCfg = Release|Any CPU
		{7D51CEDC-F93F-47F3-817D-3446ABB5E8DE}.AppStore|ARM.Build.0 = Release|Any CPU
		{7D51CEDC-F93F-47F3-817D-3446ABB5E8DE}.AppStore|ARM.Deploy.0 = Release|Any CPU
		{7D51CEDC-F93F-47F3-817D-3446ABB5E8DE}.AppStore|iPhone.ActiveCfg = Release|Any CPU
		{7D51CEDC-F93F-47F3-817D-3446ABB5E8DE}.AppStore|iPhone.Build.0 = Release|Any CPU
		{7D51CEDC-F93F-47F3-817D-3446ABB5E8DE}.AppStore|iPhone.Deploy.0 = Release|Any CPU
		{7D51CEDC-F93F-47F3-817D-3446ABB5E8DE}.AppStore|iPhoneSimulator.ActiveCfg = Release|Any CPU
		{7D51CEDC-F93F-47F3-817D-3446ABB5E8DE}.AppStore|iPhoneSimulator.Build.0 = Release|Any CPU
		{7D51CEDC-F93F-47F3-817D-3446ABB5E8DE}.AppStore|iPhoneSimulator.Deploy.0 = Release|Any CPU
		{7D51CEDC-F93F-47F3-817D-3446ABB5E8DE}.AppStore|x64.ActiveCfg = Release|Any CPU
		{7D51CEDC-F93F-47F3-817D-3446ABB5E8DE}.AppStore|x64.Build.0 = Release|Any CPU
		{7D51CEDC-F93F-47F3-817D-3446ABB5E8DE}.AppStore|x64.Deploy.0 = Release|Any CPU
		{7D51CEDC-F93F-47F3-817D-3446ABB5E8DE}.AppStore|x86.ActiveCfg = Release|Any CPU
		{7D51CEDC-F93F-47F3-817D-3446ABB5E8DE}.AppStore|x86.Build.0 = Release|Any CPU
		{7D51CEDC-F93F-47F3-817D-3446ABB5E8DE}.AppStore|x86.Deploy.0 = Release|Any CPU
		{7D51CEDC-F93F-47F3-817D-3446ABB5E8DE}.Debug|Any CPU.ActiveCfg = Debug|Any CPU
		{7D51CEDC-F93F-47F3-817D-3446ABB5E8DE}.Debug|Any CPU.Build.0 = Debug|Any CPU
		{7D51CEDC-F93F-47F3-817D-3446ABB5E8DE}.Debug|Any CPU.Deploy.0 = Debug|Any CPU
		{7D51CEDC-F93F-47F3-817D-3446ABB5E8DE}.Debug|ARM.ActiveCfg = Debug|Any CPU
		{7D51CEDC-F93F-47F3-817D-3446ABB5E8DE}.Debug|ARM.Build.0 = Debug|Any CPU
		{7D51CEDC-F93F-47F3-817D-3446ABB5E8DE}.Debug|ARM.Deploy.0 = Debug|Any CPU
		{7D51CEDC-F93F-47F3-817D-3446ABB5E8DE}.Debug|iPhone.ActiveCfg = Debug|Any CPU
		{7D51CEDC-F93F-47F3-817D-3446ABB5E8DE}.Debug|iPhone.Build.0 = Debug|Any CPU
		{7D51CEDC-F93F-47F3-817D-3446ABB5E8DE}.Debug|iPhone.Deploy.0 = Debug|Any CPU
		{7D51CEDC-F93F-47F3-817D-3446ABB5E8DE}.Debug|iPhoneSimulator.ActiveCfg = Debug|Any CPU
		{7D51CEDC-F93F-47F3-817D-3446ABB5E8DE}.Debug|iPhoneSimulator.Build.0 = Debug|Any CPU
		{7D51CEDC-F93F-47F3-817D-3446ABB5E8DE}.Debug|iPhoneSimulator.Deploy.0 = Debug|Any CPU
		{7D51CEDC-F93F-47F3-817D-3446ABB5E8DE}.Debug|x64.ActiveCfg = Debug|Any CPU
		{7D51CEDC-F93F-47F3-817D-3446ABB5E8DE}.Debug|x64.Build.0 = Debug|Any CPU
		{7D51CEDC-F93F-47F3-817D-3446ABB5E8DE}.Debug|x64.Deploy.0 = Debug|Any CPU
		{7D51CEDC-F93F-47F3-817D-3446ABB5E8DE}.Debug|x86.ActiveCfg = Debug|Any CPU
		{7D51CEDC-F93F-47F3-817D-3446ABB5E8DE}.Debug|x86.Build.0 = Debug|Any CPU
		{7D51CEDC-F93F-47F3-817D-3446ABB5E8DE}.Debug|x86.Deploy.0 = Debug|Any CPU
		{7D51CEDC-F93F-47F3-817D-3446ABB5E8DE}.Release|Any CPU.ActiveCfg = Release|Any CPU
		{7D51CEDC-F93F-47F3-817D-3446ABB5E8DE}.Release|Any CPU.Build.0 = Release|Any CPU
		{7D51CEDC-F93F-47F3-817D-3446ABB5E8DE}.Release|Any CPU.Deploy.0 = Release|Any CPU
		{7D51CEDC-F93F-47F3-817D-3446ABB5E8DE}.Release|ARM.ActiveCfg = Release|Any CPU
		{7D51CEDC-F93F-47F3-817D-3446ABB5E8DE}.Release|ARM.Build.0 = Release|Any CPU
		{7D51CEDC-F93F-47F3-817D-3446ABB5E8DE}.Release|ARM.Deploy.0 = Release|Any CPU
		{7D51CEDC-F93F-47F3-817D-3446ABB5E8DE}.Release|iPhone.ActiveCfg = Release|Any CPU
		{7D51CEDC-F93F-47F3-817D-3446ABB5E8DE}.Release|iPhone.Build.0 = Release|Any CPU
		{7D51CEDC-F93F-47F3-817D-3446ABB5E8DE}.Release|iPhone.Deploy.0 = Release|Any CPU
		{7D51CEDC-F93F-47F3-817D-3446ABB5E8DE}.Release|iPhoneSimulator.ActiveCfg = Release|Any CPU
		{7D51CEDC-F93F-47F3-817D-3446ABB5E8DE}.Release|iPhoneSimulator.Build.0 = Release|Any CPU
		{7D51CEDC-F93F-47F3-817D-3446ABB5E8DE}.Release|iPhoneSimulator.Deploy.0 = Release|Any CPU
		{7D51CEDC-F93F-47F3-817D-3446ABB5E8DE}.Release|x64.ActiveCfg = Release|Any CPU
		{7D51CEDC-F93F-47F3-817D-3446ABB5E8DE}.Release|x64.Build.0 = Release|Any CPU
		{7D51CEDC-F93F-47F3-817D-3446ABB5E8DE}.Release|x64.Deploy.0 = Release|Any CPU
		{7D51CEDC-F93F-47F3-817D-3446ABB5E8DE}.Release|x86.ActiveCfg = Release|Any CPU
		{7D51CEDC-F93F-47F3-817D-3446ABB5E8DE}.Release|x86.Build.0 = Release|Any CPU
		{7D51CEDC-F93F-47F3-817D-3446ABB5E8DE}.Release|x86.Deploy.0 = Release|Any CPU
		{189EE03E-6768-4993-A15E-6A0703D72660}.Ad-Hoc|Any CPU.ActiveCfg = Release|Any CPU
		{189EE03E-6768-4993-A15E-6A0703D72660}.Ad-Hoc|Any CPU.Build.0 = Release|Any CPU
		{189EE03E-6768-4993-A15E-6A0703D72660}.Ad-Hoc|ARM.ActiveCfg = Release|Any CPU
		{189EE03E-6768-4993-A15E-6A0703D72660}.Ad-Hoc|ARM.Build.0 = Release|Any CPU
		{189EE03E-6768-4993-A15E-6A0703D72660}.Ad-Hoc|iPhone.ActiveCfg = Release|Any CPU
		{189EE03E-6768-4993-A15E-6A0703D72660}.Ad-Hoc|iPhone.Build.0 = Release|Any CPU
		{189EE03E-6768-4993-A15E-6A0703D72660}.Ad-Hoc|iPhoneSimulator.ActiveCfg = Release|Any CPU
		{189EE03E-6768-4993-A15E-6A0703D72660}.Ad-Hoc|iPhoneSimulator.Build.0 = Release|Any CPU
		{189EE03E-6768-4993-A15E-6A0703D72660}.Ad-Hoc|x64.ActiveCfg = Release|Any CPU
		{189EE03E-6768-4993-A15E-6A0703D72660}.Ad-Hoc|x64.Build.0 = Release|Any CPU
		{189EE03E-6768-4993-A15E-6A0703D72660}.Ad-Hoc|x86.ActiveCfg = Release|Any CPU
		{189EE03E-6768-4993-A15E-6A0703D72660}.Ad-Hoc|x86.Build.0 = Release|Any CPU
		{189EE03E-6768-4993-A15E-6A0703D72660}.AppStore|Any CPU.ActiveCfg = Release|Any CPU
		{189EE03E-6768-4993-A15E-6A0703D72660}.AppStore|Any CPU.Build.0 = Release|Any CPU
		{189EE03E-6768-4993-A15E-6A0703D72660}.AppStore|ARM.ActiveCfg = Release|Any CPU
		{189EE03E-6768-4993-A15E-6A0703D72660}.AppStore|ARM.Build.0 = Release|Any CPU
		{189EE03E-6768-4993-A15E-6A0703D72660}.AppStore|iPhone.ActiveCfg = Release|Any CPU
		{189EE03E-6768-4993-A15E-6A0703D72660}.AppStore|iPhone.Build.0 = Release|Any CPU
		{189EE03E-6768-4993-A15E-6A0703D72660}.AppStore|iPhoneSimulator.ActiveCfg = Release|Any CPU
		{189EE03E-6768-4993-A15E-6A0703D72660}.AppStore|iPhoneSimulator.Build.0 = Release|Any CPU
		{189EE03E-6768-4993-A15E-6A0703D72660}.AppStore|x64.ActiveCfg = Release|Any CPU
		{189EE03E-6768-4993-A15E-6A0703D72660}.AppStore|x64.Build.0 = Release|Any CPU
		{189EE03E-6768-4993-A15E-6A0703D72660}.AppStore|x86.ActiveCfg = Release|Any CPU
		{189EE03E-6768-4993-A15E-6A0703D72660}.AppStore|x86.Build.0 = Release|Any CPU
		{189EE03E-6768-4993-A15E-6A0703D72660}.Debug|Any CPU.ActiveCfg = Debug|Any CPU
		{189EE03E-6768-4993-A15E-6A0703D72660}.Debug|Any CPU.Build.0 = Debug|Any CPU
		{189EE03E-6768-4993-A15E-6A0703D72660}.Debug|ARM.ActiveCfg = Debug|Any CPU
		{189EE03E-6768-4993-A15E-6A0703D72660}.Debug|ARM.Build.0 = Debug|Any CPU
		{189EE03E-6768-4993-A15E-6A0703D72660}.Debug|iPhone.ActiveCfg = Debug|Any CPU
		{189EE03E-6768-4993-A15E-6A0703D72660}.Debug|iPhone.Build.0 = Debug|Any CPU
		{189EE03E-6768-4993-A15E-6A0703D72660}.Debug|iPhoneSimulator.ActiveCfg = Debug|Any CPU
		{189EE03E-6768-4993-A15E-6A0703D72660}.Debug|iPhoneSimulator.Build.0 = Debug|Any CPU
		{189EE03E-6768-4993-A15E-6A0703D72660}.Debug|x64.ActiveCfg = Debug|Any CPU
		{189EE03E-6768-4993-A15E-6A0703D72660}.Debug|x64.Build.0 = Debug|Any CPU
		{189EE03E-6768-4993-A15E-6A0703D72660}.Debug|x86.ActiveCfg = Debug|Any CPU
		{189EE03E-6768-4993-A15E-6A0703D72660}.Debug|x86.Build.0 = Debug|Any CPU
		{189EE03E-6768-4993-A15E-6A0703D72660}.Release|Any CPU.ActiveCfg = Release|Any CPU
		{189EE03E-6768-4993-A15E-6A0703D72660}.Release|Any CPU.Build.0 = Release|Any CPU
		{189EE03E-6768-4993-A15E-6A0703D72660}.Release|ARM.ActiveCfg = Release|Any CPU
		{189EE03E-6768-4993-A15E-6A0703D72660}.Release|ARM.Build.0 = Release|Any CPU
		{189EE03E-6768-4993-A15E-6A0703D72660}.Release|iPhone.ActiveCfg = Release|Any CPU
		{189EE03E-6768-4993-A15E-6A0703D72660}.Release|iPhone.Build.0 = Release|Any CPU
		{189EE03E-6768-4993-A15E-6A0703D72660}.Release|iPhoneSimulator.ActiveCfg = Release|Any CPU
		{189EE03E-6768-4993-A15E-6A0703D72660}.Release|iPhoneSimulator.Build.0 = Release|Any CPU
		{189EE03E-6768-4993-A15E-6A0703D72660}.Release|x64.ActiveCfg = Release|Any CPU
		{189EE03E-6768-4993-A15E-6A0703D72660}.Release|x64.Build.0 = Release|Any CPU
		{189EE03E-6768-4993-A15E-6A0703D72660}.Release|x86.ActiveCfg = Release|Any CPU
		{189EE03E-6768-4993-A15E-6A0703D72660}.Release|x86.Build.0 = Release|Any CPU
		{588B07E6-66FC-4B4D-BD8B-1C348935726E}.Ad-Hoc|Any CPU.ActiveCfg = Release|x86
		{588B07E6-66FC-4B4D-BD8B-1C348935726E}.Ad-Hoc|Any CPU.Build.0 = Release|x86
		{588B07E6-66FC-4B4D-BD8B-1C348935726E}.Ad-Hoc|Any CPU.Deploy.0 = Release|x86
		{588B07E6-66FC-4B4D-BD8B-1C348935726E}.Ad-Hoc|ARM.ActiveCfg = Release|ARM
		{588B07E6-66FC-4B4D-BD8B-1C348935726E}.Ad-Hoc|ARM.Build.0 = Release|ARM
		{588B07E6-66FC-4B4D-BD8B-1C348935726E}.Ad-Hoc|ARM.Deploy.0 = Release|ARM
		{588B07E6-66FC-4B4D-BD8B-1C348935726E}.Ad-Hoc|iPhone.ActiveCfg = Release|x86
		{588B07E6-66FC-4B4D-BD8B-1C348935726E}.Ad-Hoc|iPhone.Build.0 = Release|x86
		{588B07E6-66FC-4B4D-BD8B-1C348935726E}.Ad-Hoc|iPhone.Deploy.0 = Release|x86
		{588B07E6-66FC-4B4D-BD8B-1C348935726E}.Ad-Hoc|iPhoneSimulator.ActiveCfg = Release|x86
		{588B07E6-66FC-4B4D-BD8B-1C348935726E}.Ad-Hoc|iPhoneSimulator.Build.0 = Release|x86
		{588B07E6-66FC-4B4D-BD8B-1C348935726E}.Ad-Hoc|iPhoneSimulator.Deploy.0 = Release|x86
		{588B07E6-66FC-4B4D-BD8B-1C348935726E}.Ad-Hoc|x64.ActiveCfg = Release|x64
		{588B07E6-66FC-4B4D-BD8B-1C348935726E}.Ad-Hoc|x64.Build.0 = Release|x64
		{588B07E6-66FC-4B4D-BD8B-1C348935726E}.Ad-Hoc|x64.Deploy.0 = Release|x64
		{588B07E6-66FC-4B4D-BD8B-1C348935726E}.Ad-Hoc|x86.ActiveCfg = Release|x86
		{588B07E6-66FC-4B4D-BD8B-1C348935726E}.Ad-Hoc|x86.Build.0 = Release|x86
		{588B07E6-66FC-4B4D-BD8B-1C348935726E}.Ad-Hoc|x86.Deploy.0 = Release|x86
		{588B07E6-66FC-4B4D-BD8B-1C348935726E}.AppStore|Any CPU.ActiveCfg = Release|x86
		{588B07E6-66FC-4B4D-BD8B-1C348935726E}.AppStore|Any CPU.Build.0 = Release|x86
		{588B07E6-66FC-4B4D-BD8B-1C348935726E}.AppStore|Any CPU.Deploy.0 = Release|x86
		{588B07E6-66FC-4B4D-BD8B-1C348935726E}.AppStore|ARM.ActiveCfg = Release|ARM
		{588B07E6-66FC-4B4D-BD8B-1C348935726E}.AppStore|ARM.Build.0 = Release|ARM
		{588B07E6-66FC-4B4D-BD8B-1C348935726E}.AppStore|ARM.Deploy.0 = Release|ARM
		{588B07E6-66FC-4B4D-BD8B-1C348935726E}.AppStore|iPhone.ActiveCfg = Release|x86
		{588B07E6-66FC-4B4D-BD8B-1C348935726E}.AppStore|iPhone.Build.0 = Release|x86
		{588B07E6-66FC-4B4D-BD8B-1C348935726E}.AppStore|iPhone.Deploy.0 = Release|x86
		{588B07E6-66FC-4B4D-BD8B-1C348935726E}.AppStore|iPhoneSimulator.ActiveCfg = Release|x86
		{588B07E6-66FC-4B4D-BD8B-1C348935726E}.AppStore|iPhoneSimulator.Build.0 = Release|x86
		{588B07E6-66FC-4B4D-BD8B-1C348935726E}.AppStore|iPhoneSimulator.Deploy.0 = Release|x86
		{588B07E6-66FC-4B4D-BD8B-1C348935726E}.AppStore|x64.ActiveCfg = Release|x64
		{588B07E6-66FC-4B4D-BD8B-1C348935726E}.AppStore|x64.Build.0 = Release|x64
		{588B07E6-66FC-4B4D-BD8B-1C348935726E}.AppStore|x64.Deploy.0 = Release|x64
		{588B07E6-66FC-4B4D-BD8B-1C348935726E}.AppStore|x86.ActiveCfg = Release|x86
		{588B07E6-66FC-4B4D-BD8B-1C348935726E}.AppStore|x86.Build.0 = Release|x86
		{588B07E6-66FC-4B4D-BD8B-1C348935726E}.AppStore|x86.Deploy.0 = Release|x86
		{588B07E6-66FC-4B4D-BD8B-1C348935726E}.Debug|Any CPU.ActiveCfg = Debug|x86
		{588B07E6-66FC-4B4D-BD8B-1C348935726E}.Debug|ARM.ActiveCfg = Debug|ARM
		{588B07E6-66FC-4B4D-BD8B-1C348935726E}.Debug|ARM.Build.0 = Debug|ARM
		{588B07E6-66FC-4B4D-BD8B-1C348935726E}.Debug|ARM.Deploy.0 = Debug|ARM
		{588B07E6-66FC-4B4D-BD8B-1C348935726E}.Debug|iPhone.ActiveCfg = Debug|x86
		{588B07E6-66FC-4B4D-BD8B-1C348935726E}.Debug|iPhoneSimulator.ActiveCfg = Debug|x86
		{588B07E6-66FC-4B4D-BD8B-1C348935726E}.Debug|x64.ActiveCfg = Debug|x64
		{588B07E6-66FC-4B4D-BD8B-1C348935726E}.Debug|x64.Build.0 = Debug|x64
		{588B07E6-66FC-4B4D-BD8B-1C348935726E}.Debug|x64.Deploy.0 = Debug|x64
		{588B07E6-66FC-4B4D-BD8B-1C348935726E}.Debug|x86.ActiveCfg = Debug|x86
		{588B07E6-66FC-4B4D-BD8B-1C348935726E}.Debug|x86.Build.0 = Debug|x86
		{588B07E6-66FC-4B4D-BD8B-1C348935726E}.Debug|x86.Deploy.0 = Debug|x86
		{588B07E6-66FC-4B4D-BD8B-1C348935726E}.Release|Any CPU.ActiveCfg = Release|x86
		{588B07E6-66FC-4B4D-BD8B-1C348935726E}.Release|ARM.ActiveCfg = Release|ARM
		{588B07E6-66FC-4B4D-BD8B-1C348935726E}.Release|ARM.Build.0 = Release|ARM
		{588B07E6-66FC-4B4D-BD8B-1C348935726E}.Release|ARM.Deploy.0 = Release|ARM
		{588B07E6-66FC-4B4D-BD8B-1C348935726E}.Release|iPhone.ActiveCfg = Release|x86
		{588B07E6-66FC-4B4D-BD8B-1C348935726E}.Release|iPhoneSimulator.ActiveCfg = Release|x86
		{588B07E6-66FC-4B4D-BD8B-1C348935726E}.Release|x64.ActiveCfg = Release|x64
		{588B07E6-66FC-4B4D-BD8B-1C348935726E}.Release|x64.Build.0 = Release|x64
		{588B07E6-66FC-4B4D-BD8B-1C348935726E}.Release|x64.Deploy.0 = Release|x64
		{588B07E6-66FC-4B4D-BD8B-1C348935726E}.Release|x86.ActiveCfg = Release|x86
		{588B07E6-66FC-4B4D-BD8B-1C348935726E}.Release|x86.Build.0 = Release|x86
		{588B07E6-66FC-4B4D-BD8B-1C348935726E}.Release|x86.Deploy.0 = Release|x86
		{AC648C14-03DF-4A5D-A2AD-BE81991D63AD}.Ad-Hoc|Any CPU.ActiveCfg = Ad-Hoc|iPhone
		{AC648C14-03DF-4A5D-A2AD-BE81991D63AD}.Ad-Hoc|ARM.ActiveCfg = Ad-Hoc|iPhone
		{AC648C14-03DF-4A5D-A2AD-BE81991D63AD}.Ad-Hoc|iPhone.ActiveCfg = Ad-Hoc|iPhone
		{AC648C14-03DF-4A5D-A2AD-BE81991D63AD}.Ad-Hoc|iPhone.Build.0 = Ad-Hoc|iPhone
		{AC648C14-03DF-4A5D-A2AD-BE81991D63AD}.Ad-Hoc|iPhoneSimulator.ActiveCfg = Ad-Hoc|iPhoneSimulator
		{AC648C14-03DF-4A5D-A2AD-BE81991D63AD}.Ad-Hoc|iPhoneSimulator.Build.0 = Ad-Hoc|iPhoneSimulator
		{AC648C14-03DF-4A5D-A2AD-BE81991D63AD}.Ad-Hoc|x64.ActiveCfg = Ad-Hoc|iPhone
		{AC648C14-03DF-4A5D-A2AD-BE81991D63AD}.Ad-Hoc|x86.ActiveCfg = Ad-Hoc|iPhone
		{AC648C14-03DF-4A5D-A2AD-BE81991D63AD}.AppStore|Any CPU.ActiveCfg = AppStore|iPhone
		{AC648C14-03DF-4A5D-A2AD-BE81991D63AD}.AppStore|ARM.ActiveCfg = AppStore|iPhone
		{AC648C14-03DF-4A5D-A2AD-BE81991D63AD}.AppStore|iPhone.ActiveCfg = AppStore|iPhone
		{AC648C14-03DF-4A5D-A2AD-BE81991D63AD}.AppStore|iPhone.Build.0 = AppStore|iPhone
		{AC648C14-03DF-4A5D-A2AD-BE81991D63AD}.AppStore|iPhoneSimulator.ActiveCfg = AppStore|iPhoneSimulator
		{AC648C14-03DF-4A5D-A2AD-BE81991D63AD}.AppStore|iPhoneSimulator.Build.0 = AppStore|iPhoneSimulator
		{AC648C14-03DF-4A5D-A2AD-BE81991D63AD}.AppStore|x64.ActiveCfg = AppStore|iPhone
		{AC648C14-03DF-4A5D-A2AD-BE81991D63AD}.AppStore|x86.ActiveCfg = AppStore|iPhone
		{AC648C14-03DF-4A5D-A2AD-BE81991D63AD}.Debug|Any CPU.ActiveCfg = Debug|iPhone
		{AC648C14-03DF-4A5D-A2AD-BE81991D63AD}.Debug|ARM.ActiveCfg = Debug|iPhone
		{AC648C14-03DF-4A5D-A2AD-BE81991D63AD}.Debug|iPhone.ActiveCfg = Debug|iPhone
		{AC648C14-03DF-4A5D-A2AD-BE81991D63AD}.Debug|iPhone.Build.0 = Debug|iPhone
		{AC648C14-03DF-4A5D-A2AD-BE81991D63AD}.Debug|iPhoneSimulator.ActiveCfg = Debug|iPhoneSimulator
		{AC648C14-03DF-4A5D-A2AD-BE81991D63AD}.Debug|iPhoneSimulator.Build.0 = Debug|iPhoneSimulator
		{AC648C14-03DF-4A5D-A2AD-BE81991D63AD}.Debug|x64.ActiveCfg = Debug|iPhone
		{AC648C14-03DF-4A5D-A2AD-BE81991D63AD}.Debug|x86.ActiveCfg = Debug|iPhone
		{AC648C14-03DF-4A5D-A2AD-BE81991D63AD}.Release|Any CPU.ActiveCfg = Release|iPhone
		{AC648C14-03DF-4A5D-A2AD-BE81991D63AD}.Release|ARM.ActiveCfg = Release|iPhone
		{AC648C14-03DF-4A5D-A2AD-BE81991D63AD}.Release|iPhone.ActiveCfg = Release|iPhone
		{AC648C14-03DF-4A5D-A2AD-BE81991D63AD}.Release|iPhone.Build.0 = Release|iPhone
		{AC648C14-03DF-4A5D-A2AD-BE81991D63AD}.Release|iPhoneSimulator.ActiveCfg = Release|iPhoneSimulator
		{AC648C14-03DF-4A5D-A2AD-BE81991D63AD}.Release|iPhoneSimulator.Build.0 = Release|iPhoneSimulator
		{AC648C14-03DF-4A5D-A2AD-BE81991D63AD}.Release|x64.ActiveCfg = Release|iPhone
		{AC648C14-03DF-4A5D-A2AD-BE81991D63AD}.Release|x86.ActiveCfg = Release|iPhone
	EndGlobalSection
	GlobalSection(SolutionProperties) = preSolution
		HideSolutionNode = FALSE
	EndGlobalSection
	GlobalSection(ExtensibilityGlobals) = postSolution
		SolutionGuid = {E5AB45EA-73A5-48A3-B3DE-8103A4178D27}
	EndGlobalSection
EndGlobal
