
Microsoft Visual Studio Solution File, Format Version 12.00
# Visual Studio 14
VisualStudioVersion = 14.0.25420.1
MinimumVisualStudioVersion = 10.0.40219.1
Project("{FAE04EC0-301F-11D3-BF4B-00C04F79EFBC}") = "DLToolkit.PageFactory.Shared", "DLToolkit.PageFactory.Shared\DLToolkit.PageFactory.Shared.csproj", "{86124AC2-DCF7-4BBA-A303-93147CF1FA87}"
EndProject
Project("{FAE04EC0-301F-11D3-BF4B-00C04F79EFBC}") = "DLToolkit.PageFactory.Forms", "DLToolkit.PageFactory.Forms\DLToolkit.PageFactory.Forms.csproj", "{A02E864B-6EA9-4D75-8B69-45D6D12FC2DF}"
EndProject
Project("{2150E333-8FDC-42A3-9474-1A3956D46DE8}") = "Solution Items", "Solution Items", "{6F14E403-8875-436E-9A30-EE03D9F4BE8B}"
	ProjectSection(SolutionItems) = preProject
		DLToolkit.PageFactory.Forms.nuspec = DLToolkit.PageFactory.Forms.nuspec
	EndProjectSection
EndProject
Project("{2150E333-8FDC-42A3-9474-1A3956D46DE8}") = "Examples", "Examples", "{BB3F8074-2150-4C01-A68B-53A9F9EE9752}"
EndProject
Project("{FAE04EC0-301F-11D3-BF4B-00C04F79EFBC}") = "Examples", "Examples\Examples.csproj", "{322279E7-3097-491D-A81B-C2700AACA090}"
EndProject
Project("{FAE04EC0-301F-11D3-BF4B-00C04F79EFBC}") = "Examples.iOS", "iOS\Examples.iOS.csproj", "{5E3E2972-2D0B-466E-856A-038E73591B6B}"
EndProject
Project("{FAE04EC0-301F-11D3-BF4B-00C04F79EFBC}") = "Examples.Droid", "Droid\Examples.Droid.csproj", "{C4795BCC-9598-4D73-AC6A-B522A954EAA9}"
EndProject
Project("{FAE04EC0-301F-11D3-BF4B-00C04F79EFBC}") = "DLToolkit.PageFactory.Form.RxUI", "DLToolkit.PageFactory.Form.RxUI\DLToolkit.PageFactory.Form.RxUI.csproj", "{8F5804F7-7AAB-4C72-80E7-7130BD15D70A}"
EndProject
Project("{2150E333-8FDC-42A3-9474-1A3956D46DE8}") = "ExamplesRxUI", "ExamplesRxUI", "{D66B19CD-BB50-4C40-A98B-34A5A6F03C9F}"
EndProject
Project("{FAE04EC0-301F-11D3-BF4B-00C04F79EFBC}") = "ExampleRxUI", "ExampleRxUI\ExampleRxUI\ExampleRxUI.csproj", "{F7B20921-508B-4E35-9205-8F51010939F9}"
EndProject
Project("{FAE04EC0-301F-11D3-BF4B-00C04F79EFBC}") = "ExampleRxUI.Droid", "ExampleRxUI\ExampleRxUI.Droid\ExampleRxUI.Droid.csproj", "{A20273A7-DBBE-4DC1-BB88-EA5F41F6CE49}"
EndProject
Project("{FAE04EC0-301F-11D3-BF4B-00C04F79EFBC}") = "ExampleRxUI.iOS", "ExampleRxUI\ExampleRxUI.iOS\ExampleRxUI.iOS.csproj", "{0D0189A5-2AD2-4221-B1ED-3623A02D539B}"
EndProject
Project("{FAE04EC0-301F-11D3-BF4B-00C04F79EFBC}") = "ExampleRxUI.UWP", "ExampleRxUI\ExampleRxUI.UWP\ExampleRxUI.UWP.csproj", "{0128A3BD-99BF-472E-B23B-4CC48C5214E9}"
EndProject
Global
	GlobalSection(SolutionConfigurationPlatforms) = preSolution
		Ad-Hoc|Any CPU = Ad-Hoc|Any CPU
		Ad-Hoc|ARM = Ad-Hoc|ARM
		Ad-Hoc|iPhone = Ad-Hoc|iPhone
		Ad-Hoc|iPhoneSimulator = Ad-Hoc|iPhoneSimulator
		Ad-Hoc|x64 = Ad-Hoc|x64
		Ad-Hoc|x86 = Ad-Hoc|x86
		AppStore|Any CPU = AppStore|Any CPU
		AppStore|ARM = AppStore|ARM
		AppStore|iPhone = AppStore|iPhone
		AppStore|iPhoneSimulator = AppStore|iPhoneSimulator
		AppStore|x64 = AppStore|x64
		AppStore|x86 = AppStore|x86
		Debug|Any CPU = Debug|Any CPU
		Debug|ARM = Debug|ARM
		Debug|iPhone = Debug|iPhone
		Debug|iPhoneSimulator = Debug|iPhoneSimulator
		Debug|x64 = Debug|x64
		Debug|x86 = Debug|x86
		Release|Any CPU = Release|Any CPU
		Release|ARM = Release|ARM
		Release|iPhone = Release|iPhone
		Release|iPhoneSimulator = Release|iPhoneSimulator
		Release|x64 = Release|x64
		Release|x86 = Release|x86
	EndGlobalSection
	GlobalSection(ProjectConfigurationPlatforms) = postSolution
		{86124AC2-DCF7-4BBA-A303-93147CF1FA87}.Ad-Hoc|Any CPU.ActiveCfg = Release|Any CPU
		{86124AC2-DCF7-4BBA-A303-93147CF1FA87}.Ad-Hoc|Any CPU.Build.0 = Release|Any CPU
		{86124AC2-DCF7-4BBA-A303-93147CF1FA87}.Ad-Hoc|ARM.ActiveCfg = Release|Any CPU
		{86124AC2-DCF7-4BBA-A303-93147CF1FA87}.Ad-Hoc|ARM.Build.0 = Release|Any CPU
		{86124AC2-DCF7-4BBA-A303-93147CF1FA87}.Ad-Hoc|iPhone.ActiveCfg = Release|Any CPU
		{86124AC2-DCF7-4BBA-A303-93147CF1FA87}.Ad-Hoc|iPhone.Build.0 = Release|Any CPU
		{86124AC2-DCF7-4BBA-A303-93147CF1FA87}.Ad-Hoc|iPhoneSimulator.ActiveCfg = Release|Any CPU
		{86124AC2-DCF7-4BBA-A303-93147CF1FA87}.Ad-Hoc|iPhoneSimulator.Build.0 = Release|Any CPU
		{86124AC2-DCF7-4BBA-A303-93147CF1FA87}.Ad-Hoc|x64.ActiveCfg = Release|Any CPU
		{86124AC2-DCF7-4BBA-A303-93147CF1FA87}.Ad-Hoc|x64.Build.0 = Release|Any CPU
		{86124AC2-DCF7-4BBA-A303-93147CF1FA87}.Ad-Hoc|x86.ActiveCfg = Release|Any CPU
		{86124AC2-DCF7-4BBA-A303-93147CF1FA87}.Ad-Hoc|x86.Build.0 = Release|Any CPU
		{86124AC2-DCF7-4BBA-A303-93147CF1FA87}.AppStore|Any CPU.ActiveCfg = Release|Any CPU
		{86124AC2-DCF7-4BBA-A303-93147CF1FA87}.AppStore|Any CPU.Build.0 = Release|Any CPU
		{86124AC2-DCF7-4BBA-A303-93147CF1FA87}.AppStore|ARM.ActiveCfg = Release|Any CPU
		{86124AC2-DCF7-4BBA-A303-93147CF1FA87}.AppStore|ARM.Build.0 = Release|Any CPU
		{86124AC2-DCF7-4BBA-A303-93147CF1FA87}.AppStore|iPhone.ActiveCfg = Release|Any CPU
		{86124AC2-DCF7-4BBA-A303-93147CF1FA87}.AppStore|iPhone.Build.0 = Release|Any CPU
		{86124AC2-DCF7-4BBA-A303-93147CF1FA87}.AppStore|iPhoneSimulator.ActiveCfg = Release|Any CPU
		{86124AC2-DCF7-4BBA-A303-93147CF1FA87}.AppStore|iPhoneSimulator.Build.0 = Release|Any CPU
		{86124AC2-DCF7-4BBA-A303-93147CF1FA87}.AppStore|x64.ActiveCfg = Release|Any CPU
		{86124AC2-DCF7-4BBA-A303-93147CF1FA87}.AppStore|x64.Build.0 = Release|Any CPU
		{86124AC2-DCF7-4BBA-A303-93147CF1FA87}.AppStore|x86.ActiveCfg = Release|Any CPU
		{86124AC2-DCF7-4BBA-A303-93147CF1FA87}.AppStore|x86.Build.0 = Release|Any CPU
		{86124AC2-DCF7-4BBA-A303-93147CF1FA87}.Debug|Any CPU.ActiveCfg = Debug|Any CPU
		{86124AC2-DCF7-4BBA-A303-93147CF1FA87}.Debug|Any CPU.Build.0 = Debug|Any CPU
		{86124AC2-DCF7-4BBA-A303-93147CF1FA87}.Debug|ARM.ActiveCfg = Debug|Any CPU
		{86124AC2-DCF7-4BBA-A303-93147CF1FA87}.Debug|ARM.Build.0 = Debug|Any CPU
		{86124AC2-DCF7-4BBA-A303-93147CF1FA87}.Debug|iPhone.ActiveCfg = Debug|Any CPU
		{86124AC2-DCF7-4BBA-A303-93147CF1FA87}.Debug|iPhone.Build.0 = Debug|Any CPU
		{86124AC2-DCF7-4BBA-A303-93147CF1FA87}.Debug|iPhoneSimulator.ActiveCfg = Debug|Any CPU
		{86124AC2-DCF7-4BBA-A303-93147CF1FA87}.Debug|iPhoneSimulator.Build.0 = Debug|Any CPU
		{86124AC2-DCF7-4BBA-A303-93147CF1FA87}.Debug|x64.ActiveCfg = Debug|Any CPU
		{86124AC2-DCF7-4BBA-A303-93147CF1FA87}.Debug|x64.Build.0 = Debug|Any CPU
		{86124AC2-DCF7-4BBA-A303-93147CF1FA87}.Debug|x86.ActiveCfg = Debug|Any CPU
		{86124AC2-DCF7-4BBA-A303-93147CF1FA87}.Debug|x86.Build.0 = Debug|Any CPU
		{86124AC2-DCF7-4BBA-A303-93147CF1FA87}.Release|Any CPU.ActiveCfg = Release|Any CPU
		{86124AC2-DCF7-4BBA-A303-93147CF1FA87}.Release|Any CPU.Build.0 = Release|Any CPU
		{86124AC2-DCF7-4BBA-A303-93147CF1FA87}.Release|ARM.ActiveCfg = Release|Any CPU
		{86124AC2-DCF7-4BBA-A303-93147CF1FA87}.Release|ARM.Build.0 = Release|Any CPU
		{86124AC2-DCF7-4BBA-A303-93147CF1FA87}.Release|iPhone.ActiveCfg = Release|Any CPU
		{86124AC2-DCF7-4BBA-A303-93147CF1FA87}.Release|iPhone.Build.0 = Release|Any CPU
		{86124AC2-DCF7-4BBA-A303-93147CF1FA87}.Release|iPhoneSimulator.ActiveCfg = Release|Any CPU
		{86124AC2-DCF7-4BBA-A303-93147CF1FA87}.Release|iPhoneSimulator.Build.0 = Release|Any CPU
		{86124AC2-DCF7-4BBA-A303-93147CF1FA87}.Release|x64.ActiveCfg = Release|Any CPU
		{86124AC2-DCF7-4BBA-A303-93147CF1FA87}.Release|x64.Build.0 = Release|Any CPU
		{86124AC2-DCF7-4BBA-A303-93147CF1FA87}.Release|x86.ActiveCfg = Release|Any CPU
		{86124AC2-DCF7-4BBA-A303-93147CF1FA87}.Release|x86.Build.0 = Release|Any CPU
		{A02E864B-6EA9-4D75-8B69-45D6D12FC2DF}.Ad-Hoc|Any CPU.ActiveCfg = Release|Any CPU
		{A02E864B-6EA9-4D75-8B69-45D6D12FC2DF}.Ad-Hoc|Any CPU.Build.0 = Release|Any CPU
		{A02E864B-6EA9-4D75-8B69-45D6D12FC2DF}.Ad-Hoc|ARM.ActiveCfg = Release|Any CPU
		{A02E864B-6EA9-4D75-8B69-45D6D12FC2DF}.Ad-Hoc|ARM.Build.0 = Release|Any CPU
		{A02E864B-6EA9-4D75-8B69-45D6D12FC2DF}.Ad-Hoc|iPhone.ActiveCfg = Release|Any CPU
		{A02E864B-6EA9-4D75-8B69-45D6D12FC2DF}.Ad-Hoc|iPhone.Build.0 = Release|Any CPU
		{A02E864B-6EA9-4D75-8B69-45D6D12FC2DF}.Ad-Hoc|iPhoneSimulator.ActiveCfg = Release|Any CPU
		{A02E864B-6EA9-4D75-8B69-45D6D12FC2DF}.Ad-Hoc|iPhoneSimulator.Build.0 = Release|Any CPU
		{A02E864B-6EA9-4D75-8B69-45D6D12FC2DF}.Ad-Hoc|x64.ActiveCfg = Release|Any CPU
		{A02E864B-6EA9-4D75-8B69-45D6D12FC2DF}.Ad-Hoc|x64.Build.0 = Release|Any CPU
		{A02E864B-6EA9-4D75-8B69-45D6D12FC2DF}.Ad-Hoc|x86.ActiveCfg = Release|Any CPU
		{A02E864B-6EA9-4D75-8B69-45D6D12FC2DF}.Ad-Hoc|x86.Build.0 = Release|Any CPU
		{A02E864B-6EA9-4D75-8B69-45D6D12FC2DF}.AppStore|Any CPU.ActiveCfg = Release|Any CPU
		{A02E864B-6EA9-4D75-8B69-45D6D12FC2DF}.AppStore|Any CPU.Build.0 = Release|Any CPU
		{A02E864B-6EA9-4D75-8B69-45D6D12FC2DF}.AppStore|ARM.ActiveCfg = Release|Any CPU
		{A02E864B-6EA9-4D75-8B69-45D6D12FC2DF}.AppStore|ARM.Build.0 = Release|Any CPU
		{A02E864B-6EA9-4D75-8B69-45D6D12FC2DF}.AppStore|iPhone.ActiveCfg = Release|Any CPU
		{A02E864B-6EA9-4D75-8B69-45D6D12FC2DF}.AppStore|iPhone.Build.0 = Release|Any CPU
		{A02E864B-6EA9-4D75-8B69-45D6D12FC2DF}.AppStore|iPhoneSimulator.ActiveCfg = Release|Any CPU
		{A02E864B-6EA9-4D75-8B69-45D6D12FC2DF}.AppStore|iPhoneSimulator.Build.0 = Release|Any CPU
		{A02E864B-6EA9-4D75-8B69-45D6D12FC2DF}.AppStore|x64.ActiveCfg = Release|Any CPU
		{A02E864B-6EA9-4D75-8B69-45D6D12FC2DF}.AppStore|x64.Build.0 = Release|Any CPU
		{A02E864B-6EA9-4D75-8B69-45D6D12FC2DF}.AppStore|x86.ActiveCfg = Release|Any CPU
		{A02E864B-6EA9-4D75-8B69-45D6D12FC2DF}.AppStore|x86.Build.0 = Release|Any CPU
		{A02E864B-6EA9-4D75-8B69-45D6D12FC2DF}.Debug|Any CPU.ActiveCfg = Debug|Any CPU
		{A02E864B-6EA9-4D75-8B69-45D6D12FC2DF}.Debug|Any CPU.Build.0 = Debug|Any CPU
		{A02E864B-6EA9-4D75-8B69-45D6D12FC2DF}.Debug|ARM.ActiveCfg = Debug|Any CPU
		{A02E864B-6EA9-4D75-8B69-45D6D12FC2DF}.Debug|ARM.Build.0 = Debug|Any CPU
		{A02E864B-6EA9-4D75-8B69-45D6D12FC2DF}.Debug|iPhone.ActiveCfg = Debug|Any CPU
		{A02E864B-6EA9-4D75-8B69-45D6D12FC2DF}.Debug|iPhone.Build.0 = Debug|Any CPU
		{A02E864B-6EA9-4D75-8B69-45D6D12FC2DF}.Debug|iPhoneSimulator.ActiveCfg = Debug|Any CPU
		{A02E864B-6EA9-4D75-8B69-45D6D12FC2DF}.Debug|iPhoneSimulator.Build.0 = Debug|Any CPU
		{A02E864B-6EA9-4D75-8B69-45D6D12FC2DF}.Debug|x64.ActiveCfg = Debug|Any CPU
		{A02E864B-6EA9-4D75-8B69-45D6D12FC2DF}.Debug|x64.Build.0 = Debug|Any CPU
		{A02E864B-6EA9-4D75-8B69-45D6D12FC2DF}.Debug|x86.ActiveCfg = Debug|Any CPU
		{A02E864B-6EA9-4D75-8B69-45D6D12FC2DF}.Debug|x86.Build.0 = Debug|Any CPU
		{A02E864B-6EA9-4D75-8B69-45D6D12FC2DF}.Release|Any CPU.ActiveCfg = Release|Any CPU
		{A02E864B-6EA9-4D75-8B69-45D6D12FC2DF}.Release|Any CPU.Build.0 = Release|Any CPU
		{A02E864B-6EA9-4D75-8B69-45D6D12FC2DF}.Release|ARM.ActiveCfg = Release|Any CPU
		{A02E864B-6EA9-4D75-8B69-45D6D12FC2DF}.Release|ARM.Build.0 = Release|Any CPU
		{A02E864B-6EA9-4D75-8B69-45D6D12FC2DF}.Release|iPhone.ActiveCfg = Release|Any CPU
		{A02E864B-6EA9-4D75-8B69-45D6D12FC2DF}.Release|iPhone.Build.0 = Release|Any CPU
		{A02E864B-6EA9-4D75-8B69-45D6D12FC2DF}.Release|iPhoneSimulator.ActiveCfg = Release|Any CPU
		{A02E864B-6EA9-4D75-8B69-45D6D12FC2DF}.Release|iPhoneSimulator.Build.0 = Release|Any CPU
		{A02E864B-6EA9-4D75-8B69-45D6D12FC2DF}.Release|x64.ActiveCfg = Release|Any CPU
		{A02E864B-6EA9-4D75-8B69-45D6D12FC2DF}.Release|x64.Build.0 = Release|Any CPU
		{A02E864B-6EA9-4D75-8B69-45D6D12FC2DF}.Release|x86.ActiveCfg = Release|Any CPU
		{A02E864B-6EA9-4D75-8B69-45D6D12FC2DF}.Release|x86.Build.0 = Release|Any CPU
		{322279E7-3097-491D-A81B-C2700AACA090}.Ad-Hoc|Any CPU.ActiveCfg = Release|Any CPU
		{322279E7-3097-491D-A81B-C2700AACA090}.Ad-Hoc|Any CPU.Build.0 = Release|Any CPU
		{322279E7-3097-491D-A81B-C2700AACA090}.Ad-Hoc|ARM.ActiveCfg = Release|Any CPU
		{322279E7-3097-491D-A81B-C2700AACA090}.Ad-Hoc|ARM.Build.0 = Release|Any CPU
		{322279E7-3097-491D-A81B-C2700AACA090}.Ad-Hoc|iPhone.ActiveCfg = Release|Any CPU
		{322279E7-3097-491D-A81B-C2700AACA090}.Ad-Hoc|iPhone.Build.0 = Release|Any CPU
		{322279E7-3097-491D-A81B-C2700AACA090}.Ad-Hoc|iPhoneSimulator.ActiveCfg = Release|Any CPU
		{322279E7-3097-491D-A81B-C2700AACA090}.Ad-Hoc|iPhoneSimulator.Build.0 = Release|Any CPU
		{322279E7-3097-491D-A81B-C2700AACA090}.Ad-Hoc|x64.ActiveCfg = Release|Any CPU
		{322279E7-3097-491D-A81B-C2700AACA090}.Ad-Hoc|x64.Build.0 = Release|Any CPU
		{322279E7-3097-491D-A81B-C2700AACA090}.Ad-Hoc|x86.ActiveCfg = Release|Any CPU
		{322279E7-3097-491D-A81B-C2700AACA090}.Ad-Hoc|x86.Build.0 = Release|Any CPU
		{322279E7-3097-491D-A81B-C2700AACA090}.AppStore|Any CPU.ActiveCfg = Release|Any CPU
		{322279E7-3097-491D-A81B-C2700AACA090}.AppStore|Any CPU.Build.0 = Release|Any CPU
		{322279E7-3097-491D-A81B-C2700AACA090}.AppStore|ARM.ActiveCfg = Release|Any CPU
		{322279E7-3097-491D-A81B-C2700AACA090}.AppStore|ARM.Build.0 = Release|Any CPU
		{322279E7-3097-491D-A81B-C2700AACA090}.AppStore|iPhone.ActiveCfg = Release|Any CPU
		{322279E7-3097-491D-A81B-C2700AACA090}.AppStore|iPhone.Build.0 = Release|Any CPU
		{322279E7-3097-491D-A81B-C2700AACA090}.AppStore|iPhoneSimulator.ActiveCfg = Release|Any CPU
		{322279E7-3097-491D-A81B-C2700AACA090}.AppStore|iPhoneSimulator.Build.0 = Release|Any CPU
		{322279E7-3097-491D-A81B-C2700AACA090}.AppStore|x64.ActiveCfg = Release|Any CPU
		{322279E7-3097-491D-A81B-C2700AACA090}.AppStore|x64.Build.0 = Release|Any CPU
		{322279E7-3097-491D-A81B-C2700AACA090}.AppStore|x86.ActiveCfg = Release|Any CPU
		{322279E7-3097-491D-A81B-C2700AACA090}.AppStore|x86.Build.0 = Release|Any CPU
		{322279E7-3097-491D-A81B-C2700AACA090}.Debug|Any CPU.ActiveCfg = Debug|Any CPU
		{322279E7-3097-491D-A81B-C2700AACA090}.Debug|Any CPU.Build.0 = Debug|Any CPU
		{322279E7-3097-491D-A81B-C2700AACA090}.Debug|ARM.ActiveCfg = Debug|Any CPU
		{322279E7-3097-491D-A81B-C2700AACA090}.Debug|ARM.Build.0 = Debug|Any CPU
		{322279E7-3097-491D-A81B-C2700AACA090}.Debug|iPhone.ActiveCfg = Debug|Any CPU
		{322279E7-3097-491D-A81B-C2700AACA090}.Debug|iPhone.Build.0 = Debug|Any CPU
		{322279E7-3097-491D-A81B-C2700AACA090}.Debug|iPhoneSimulator.ActiveCfg = Debug|Any CPU
		{322279E7-3097-491D-A81B-C2700AACA090}.Debug|iPhoneSimulator.Build.0 = Debug|Any CPU
		{322279E7-3097-491D-A81B-C2700AACA090}.Debug|x64.ActiveCfg = Debug|Any CPU
		{322279E7-3097-491D-A81B-C2700AACA090}.Debug|x64.Build.0 = Debug|Any CPU
		{322279E7-3097-491D-A81B-C2700AACA090}.Debug|x86.ActiveCfg = Debug|Any CPU
		{322279E7-3097-491D-A81B-C2700AACA090}.Debug|x86.Build.0 = Debug|Any CPU
		{322279E7-3097-491D-A81B-C2700AACA090}.Release|Any CPU.ActiveCfg = Release|Any CPU
		{322279E7-3097-491D-A81B-C2700AACA090}.Release|Any CPU.Build.0 = Release|Any CPU
		{322279E7-3097-491D-A81B-C2700AACA090}.Release|ARM.ActiveCfg = Release|Any CPU
		{322279E7-3097-491D-A81B-C2700AACA090}.Release|ARM.Build.0 = Release|Any CPU
		{322279E7-3097-491D-A81B-C2700AACA090}.Release|iPhone.ActiveCfg = Release|Any CPU
		{322279E7-3097-491D-A81B-C2700AACA090}.Release|iPhone.Build.0 = Release|Any CPU
		{322279E7-3097-491D-A81B-C2700AACA090}.Release|iPhoneSimulator.ActiveCfg = Release|Any CPU
		{322279E7-3097-491D-A81B-C2700AACA090}.Release|iPhoneSimulator.Build.0 = Release|Any CPU
		{322279E7-3097-491D-A81B-C2700AACA090}.Release|x64.ActiveCfg = Release|Any CPU
		{322279E7-3097-491D-A81B-C2700AACA090}.Release|x64.Build.0 = Release|Any CPU
		{322279E7-3097-491D-A81B-C2700AACA090}.Release|x86.ActiveCfg = Release|Any CPU
		{322279E7-3097-491D-A81B-C2700AACA090}.Release|x86.Build.0 = Release|Any CPU
		{5E3E2972-2D0B-466E-856A-038E73591B6B}.Ad-Hoc|Any CPU.ActiveCfg = Release|iPhoneSimulator
		{5E3E2972-2D0B-466E-856A-038E73591B6B}.Ad-Hoc|Any CPU.Build.0 = Release|iPhoneSimulator
		{5E3E2972-2D0B-466E-856A-038E73591B6B}.Ad-Hoc|ARM.ActiveCfg = Release|iPhoneSimulator
		{5E3E2972-2D0B-466E-856A-038E73591B6B}.Ad-Hoc|ARM.Build.0 = Release|iPhoneSimulator
		{5E3E2972-2D0B-466E-856A-038E73591B6B}.Ad-Hoc|iPhone.ActiveCfg = Release|iPhone
		{5E3E2972-2D0B-466E-856A-038E73591B6B}.Ad-Hoc|iPhone.Build.0 = Release|iPhone
		{5E3E2972-2D0B-466E-856A-038E73591B6B}.Ad-Hoc|iPhoneSimulator.ActiveCfg = Release|iPhoneSimulator
		{5E3E2972-2D0B-466E-856A-038E73591B6B}.Ad-Hoc|iPhoneSimulator.Build.0 = Release|iPhoneSimulator
		{5E3E2972-2D0B-466E-856A-038E73591B6B}.Ad-Hoc|x64.ActiveCfg = Release|iPhoneSimulator
		{5E3E2972-2D0B-466E-856A-038E73591B6B}.Ad-Hoc|x64.Build.0 = Release|iPhoneSimulator
		{5E3E2972-2D0B-466E-856A-038E73591B6B}.Ad-Hoc|x86.ActiveCfg = Release|iPhoneSimulator
		{5E3E2972-2D0B-466E-856A-038E73591B6B}.Ad-Hoc|x86.Build.0 = Release|iPhoneSimulator
		{5E3E2972-2D0B-466E-856A-038E73591B6B}.AppStore|Any CPU.ActiveCfg = Release|iPhoneSimulator
		{5E3E2972-2D0B-466E-856A-038E73591B6B}.AppStore|Any CPU.Build.0 = Release|iPhoneSimulator
		{5E3E2972-2D0B-466E-856A-038E73591B6B}.AppStore|ARM.ActiveCfg = Release|iPhoneSimulator
		{5E3E2972-2D0B-466E-856A-038E73591B6B}.AppStore|ARM.Build.0 = Release|iPhoneSimulator
		{5E3E2972-2D0B-466E-856A-038E73591B6B}.AppStore|iPhone.ActiveCfg = Release|iPhone
		{5E3E2972-2D0B-466E-856A-038E73591B6B}.AppStore|iPhone.Build.0 = Release|iPhone
		{5E3E2972-2D0B-466E-856A-038E73591B6B}.AppStore|iPhoneSimulator.ActiveCfg = Release|iPhoneSimulator
		{5E3E2972-2D0B-466E-856A-038E73591B6B}.AppStore|iPhoneSimulator.Build.0 = Release|iPhoneSimulator
		{5E3E2972-2D0B-466E-856A-038E73591B6B}.AppStore|x64.ActiveCfg = Release|iPhoneSimulator
		{5E3E2972-2D0B-466E-856A-038E73591B6B}.AppStore|x64.Build.0 = Release|iPhoneSimulator
		{5E3E2972-2D0B-466E-856A-038E73591B6B}.AppStore|x86.ActiveCfg = Release|iPhoneSimulator
		{5E3E2972-2D0B-466E-856A-038E73591B6B}.AppStore|x86.Build.0 = Release|iPhoneSimulator
		{5E3E2972-2D0B-466E-856A-038E73591B6B}.Debug|Any CPU.ActiveCfg = Debug|iPhoneSimulator
		{5E3E2972-2D0B-466E-856A-038E73591B6B}.Debug|Any CPU.Build.0 = Debug|iPhoneSimulator
		{5E3E2972-2D0B-466E-856A-038E73591B6B}.Debug|Any CPU.Deploy.0 = Debug|iPhoneSimulator
		{5E3E2972-2D0B-466E-856A-038E73591B6B}.Debug|ARM.ActiveCfg = Debug|iPhone
		{5E3E2972-2D0B-466E-856A-038E73591B6B}.Debug|iPhone.ActiveCfg = Debug|iPhone
		{5E3E2972-2D0B-466E-856A-038E73591B6B}.Debug|iPhone.Build.0 = Debug|iPhone
		{5E3E2972-2D0B-466E-856A-038E73591B6B}.Debug|iPhoneSimulator.ActiveCfg = Debug|iPhoneSimulator
		{5E3E2972-2D0B-466E-856A-038E73591B6B}.Debug|iPhoneSimulator.Build.0 = Debug|iPhoneSimulator
		{5E3E2972-2D0B-466E-856A-038E73591B6B}.Debug|x64.ActiveCfg = Debug|iPhone
		{5E3E2972-2D0B-466E-856A-038E73591B6B}.Debug|x86.ActiveCfg = Debug|iPhone
		{5E3E2972-2D0B-466E-856A-038E73591B6B}.Release|Any CPU.ActiveCfg = Release|iPhone
		{5E3E2972-2D0B-466E-856A-038E73591B6B}.Release|Any CPU.Build.0 = Release|iPhone
		{5E3E2972-2D0B-466E-856A-038E73591B6B}.Release|ARM.ActiveCfg = Release|iPhoneSimulator
		{5E3E2972-2D0B-466E-856A-038E73591B6B}.Release|iPhone.ActiveCfg = Release|iPhone
		{5E3E2972-2D0B-466E-856A-038E73591B6B}.Release|iPhone.Build.0 = Release|iPhone
		{5E3E2972-2D0B-466E-856A-038E73591B6B}.Release|iPhoneSimulator.ActiveCfg = Release|iPhoneSimulator
		{5E3E2972-2D0B-466E-856A-038E73591B6B}.Release|iPhoneSimulator.Build.0 = Release|iPhoneSimulator
		{5E3E2972-2D0B-466E-856A-038E73591B6B}.Release|x64.ActiveCfg = Release|iPhoneSimulator
		{5E3E2972-2D0B-466E-856A-038E73591B6B}.Release|x86.ActiveCfg = Release|iPhoneSimulator
		{C4795BCC-9598-4D73-AC6A-B522A954EAA9}.Ad-Hoc|Any CPU.ActiveCfg = Release|Any CPU
		{C4795BCC-9598-4D73-AC6A-B522A954EAA9}.Ad-Hoc|Any CPU.Build.0 = Release|Any CPU
		{C4795BCC-9598-4D73-AC6A-B522A954EAA9}.Ad-Hoc|Any CPU.Deploy.0 = Release|Any CPU
		{C4795BCC-9598-4D73-AC6A-B522A954EAA9}.Ad-Hoc|ARM.ActiveCfg = Release|Any CPU
		{C4795BCC-9598-4D73-AC6A-B522A954EAA9}.Ad-Hoc|ARM.Build.0 = Release|Any CPU
		{C4795BCC-9598-4D73-AC6A-B522A954EAA9}.Ad-Hoc|ARM.Deploy.0 = Release|Any CPU
		{C4795BCC-9598-4D73-AC6A-B522A954EAA9}.Ad-Hoc|iPhone.ActiveCfg = Release|Any CPU
		{C4795BCC-9598-4D73-AC6A-B522A954EAA9}.Ad-Hoc|iPhone.Build.0 = Release|Any CPU
		{C4795BCC-9598-4D73-AC6A-B522A954EAA9}.Ad-Hoc|iPhone.Deploy.0 = Release|Any CPU
		{C4795BCC-9598-4D73-AC6A-B522A954EAA9}.Ad-Hoc|iPhoneSimulator.ActiveCfg = Release|Any CPU
		{C4795BCC-9598-4D73-AC6A-B522A954EAA9}.Ad-Hoc|iPhoneSimulator.Build.0 = Release|Any CPU
		{C4795BCC-9598-4D73-AC6A-B522A954EAA9}.Ad-Hoc|iPhoneSimulator.Deploy.0 = Release|Any CPU
		{C4795BCC-9598-4D73-AC6A-B522A954EAA9}.Ad-Hoc|x64.ActiveCfg = Release|Any CPU
		{C4795BCC-9598-4D73-AC6A-B522A954EAA9}.Ad-Hoc|x64.Build.0 = Release|Any CPU
		{C4795BCC-9598-4D73-AC6A-B522A954EAA9}.Ad-Hoc|x64.Deploy.0 = Release|Any CPU
		{C4795BCC-9598-4D73-AC6A-B522A954EAA9}.Ad-Hoc|x86.ActiveCfg = Release|Any CPU
		{C4795BCC-9598-4D73-AC6A-B522A954EAA9}.Ad-Hoc|x86.Build.0 = Release|Any CPU
		{C4795BCC-9598-4D73-AC6A-B522A954EAA9}.Ad-Hoc|x86.Deploy.0 = Release|Any CPU
		{C4795BCC-9598-4D73-AC6A-B522A954EAA9}.AppStore|Any CPU.ActiveCfg = Release|Any CPU
		{C4795BCC-9598-4D73-AC6A-B522A954EAA9}.AppStore|Any CPU.Build.0 = Release|Any CPU
		{C4795BCC-9598-4D73-AC6A-B522A954EAA9}.AppStore|Any CPU.Deploy.0 = Release|Any CPU
		{C4795BCC-9598-4D73-AC6A-B522A954EAA9}.AppStore|ARM.ActiveCfg = Release|Any CPU
		{C4795BCC-9598-4D73-AC6A-B522A954EAA9}.AppStore|ARM.Build.0 = Release|Any CPU
		{C4795BCC-9598-4D73-AC6A-B522A954EAA9}.AppStore|ARM.Deploy.0 = Release|Any CPU
		{C4795BCC-9598-4D73-AC6A-B522A954EAA9}.AppStore|iPhone.ActiveCfg = Release|Any CPU
		{C4795BCC-9598-4D73-AC6A-B522A954EAA9}.AppStore|iPhone.Build.0 = Release|Any CPU
		{C4795BCC-9598-4D73-AC6A-B522A954EAA9}.AppStore|iPhone.Deploy.0 = Release|Any CPU
		{C4795BCC-9598-4D73-AC6A-B522A954EAA9}.AppStore|iPhoneSimulator.ActiveCfg = Release|Any CPU
		{C4795BCC-9598-4D73-AC6A-B522A954EAA9}.AppStore|iPhoneSimulator.Build.0 = Release|Any CPU
		{C4795BCC-9598-4D73-AC6A-B522A954EAA9}.AppStore|iPhoneSimulator.Deploy.0 = Release|Any CPU
		{C4795BCC-9598-4D73-AC6A-B522A954EAA9}.AppStore|x64.ActiveCfg = Release|Any CPU
		{C4795BCC-9598-4D73-AC6A-B522A954EAA9}.AppStore|x64.Build.0 = Release|Any CPU
		{C4795BCC-9598-4D73-AC6A-B522A954EAA9}.AppStore|x64.Deploy.0 = Release|Any CPU
		{C4795BCC-9598-4D73-AC6A-B522A954EAA9}.AppStore|x86.ActiveCfg = Release|Any CPU
		{C4795BCC-9598-4D73-AC6A-B522A954EAA9}.AppStore|x86.Build.0 = Release|Any CPU
		{C4795BCC-9598-4D73-AC6A-B522A954EAA9}.AppStore|x86.Deploy.0 = Release|Any CPU
		{C4795BCC-9598-4D73-AC6A-B522A954EAA9}.Debug|Any CPU.ActiveCfg = Debug|Any CPU
		{C4795BCC-9598-4D73-AC6A-B522A954EAA9}.Debug|Any CPU.Build.0 = Debug|Any CPU
		{C4795BCC-9598-4D73-AC6A-B522A954EAA9}.Debug|Any CPU.Deploy.0 = Debug|Any CPU
		{C4795BCC-9598-4D73-AC6A-B522A954EAA9}.Debug|ARM.ActiveCfg = Debug|Any CPU
		{C4795BCC-9598-4D73-AC6A-B522A954EAA9}.Debug|ARM.Build.0 = Debug|Any CPU
		{C4795BCC-9598-4D73-AC6A-B522A954EAA9}.Debug|ARM.Deploy.0 = Debug|Any CPU
		{C4795BCC-9598-4D73-AC6A-B522A954EAA9}.Debug|iPhone.ActiveCfg = Debug|Any CPU
		{C4795BCC-9598-4D73-AC6A-B522A954EAA9}.Debug|iPhone.Build.0 = Debug|Any CPU
		{C4795BCC-9598-4D73-AC6A-B522A954EAA9}.Debug|iPhoneSimulator.ActiveCfg = Debug|Any CPU
		{C4795BCC-9598-4D73-AC6A-B522A954EAA9}.Debug|iPhoneSimulator.Build.0 = Debug|Any CPU
		{C4795BCC-9598-4D73-AC6A-B522A954EAA9}.Debug|x64.ActiveCfg = Debug|Any CPU
		{C4795BCC-9598-4D73-AC6A-B522A954EAA9}.Debug|x64.Build.0 = Debug|Any CPU
		{C4795BCC-9598-4D73-AC6A-B522A954EAA9}.Debug|x64.Deploy.0 = Debug|Any CPU
		{C4795BCC-9598-4D73-AC6A-B522A954EAA9}.Debug|x86.ActiveCfg = Debug|Any CPU
		{C4795BCC-9598-4D73-AC6A-B522A954EAA9}.Debug|x86.Build.0 = Debug|Any CPU
		{C4795BCC-9598-4D73-AC6A-B522A954EAA9}.Debug|x86.Deploy.0 = Debug|Any CPU
		{C4795BCC-9598-4D73-AC6A-B522A954EAA9}.Release|Any CPU.ActiveCfg = Release|Any CPU
		{C4795BCC-9598-4D73-AC6A-B522A954EAA9}.Release|Any CPU.Build.0 = Release|Any CPU
		{C4795BCC-9598-4D73-AC6A-B522A954EAA9}.Release|ARM.ActiveCfg = Release|Any CPU
		{C4795BCC-9598-4D73-AC6A-B522A954EAA9}.Release|ARM.Build.0 = Release|Any CPU
		{C4795BCC-9598-4D73-AC6A-B522A954EAA9}.Release|ARM.Deploy.0 = Release|Any CPU
		{C4795BCC-9598-4D73-AC6A-B522A954EAA9}.Release|iPhone.ActiveCfg = Release|Any CPU
		{C4795BCC-9598-4D73-AC6A-B522A954EAA9}.Release|iPhone.Build.0 = Release|Any CPU
		{C4795BCC-9598-4D73-AC6A-B522A954EAA9}.Release|iPhoneSimulator.ActiveCfg = Release|Any CPU
		{C4795BCC-9598-4D73-AC6A-B522A954EAA9}.Release|iPhoneSimulator.Build.0 = Release|Any CPU
		{C4795BCC-9598-4D73-AC6A-B522A954EAA9}.Release|x64.ActiveCfg = Release|Any CPU
		{C4795BCC-9598-4D73-AC6A-B522A954EAA9}.Release|x64.Build.0 = Release|Any CPU
		{C4795BCC-9598-4D73-AC6A-B522A954EAA9}.Release|x64.Deploy.0 = Release|Any CPU
		{C4795BCC-9598-4D73-AC6A-B522A954EAA9}.Release|x86.ActiveCfg = Release|Any CPU
		{C4795BCC-9598-4D73-AC6A-B522A954EAA9}.Release|x86.Build.0 = Release|Any CPU
		{C4795BCC-9598-4D73-AC6A-B522A954EAA9}.Release|x86.Deploy.0 = Release|Any CPU
		{8F5804F7-7AAB-4C72-80E7-7130BD15D70A}.Ad-Hoc|Any CPU.ActiveCfg = Release|Any CPU
		{8F5804F7-7AAB-4C72-80E7-7130BD15D70A}.Ad-Hoc|Any CPU.Build.0 = Release|Any CPU
		{8F5804F7-7AAB-4C72-80E7-7130BD15D70A}.Ad-Hoc|ARM.ActiveCfg = Release|Any CPU
		{8F5804F7-7AAB-4C72-80E7-7130BD15D70A}.Ad-Hoc|ARM.Build.0 = Release|Any CPU
		{8F5804F7-7AAB-4C72-80E7-7130BD15D70A}.Ad-Hoc|iPhone.ActiveCfg = Release|Any CPU
		{8F5804F7-7AAB-4C72-80E7-7130BD15D70A}.Ad-Hoc|iPhone.Build.0 = Release|Any CPU
		{8F5804F7-7AAB-4C72-80E7-7130BD15D70A}.Ad-Hoc|iPhoneSimulator.ActiveCfg = Release|Any CPU
		{8F5804F7-7AAB-4C72-80E7-7130BD15D70A}.Ad-Hoc|iPhoneSimulator.Build.0 = Release|Any CPU
		{8F5804F7-7AAB-4C72-80E7-7130BD15D70A}.Ad-Hoc|x64.ActiveCfg = Release|Any CPU
		{8F5804F7-7AAB-4C72-80E7-7130BD15D70A}.Ad-Hoc|x64.Build.0 = Release|Any CPU
		{8F5804F7-7AAB-4C72-80E7-7130BD15D70A}.Ad-Hoc|x86.ActiveCfg = Release|Any CPU
		{8F5804F7-7AAB-4C72-80E7-7130BD15D70A}.Ad-Hoc|x86.Build.0 = Release|Any CPU
		{8F5804F7-7AAB-4C72-80E7-7130BD15D70A}.AppStore|Any CPU.ActiveCfg = Release|Any CPU
		{8F5804F7-7AAB-4C72-80E7-7130BD15D70A}.AppStore|Any CPU.Build.0 = Release|Any CPU
		{8F5804F7-7AAB-4C72-80E7-7130BD15D70A}.AppStore|ARM.ActiveCfg = Release|Any CPU
		{8F5804F7-7AAB-4C72-80E7-7130BD15D70A}.AppStore|ARM.Build.0 = Release|Any CPU
		{8F5804F7-7AAB-4C72-80E7-7130BD15D70A}.AppStore|iPhone.ActiveCfg = Release|Any CPU
		{8F5804F7-7AAB-4C72-80E7-7130BD15D70A}.AppStore|iPhone.Build.0 = Release|Any CPU
		{8F5804F7-7AAB-4C72-80E7-7130BD15D70A}.AppStore|iPhoneSimulator.ActiveCfg = Release|Any CPU
		{8F5804F7-7AAB-4C72-80E7-7130BD15D70A}.AppStore|iPhoneSimulator.Build.0 = Release|Any CPU
		{8F5804F7-7AAB-4C72-80E7-7130BD15D70A}.AppStore|x64.ActiveCfg = Release|Any CPU
		{8F5804F7-7AAB-4C72-80E7-7130BD15D70A}.AppStore|x64.Build.0 = Release|Any CPU
		{8F5804F7-7AAB-4C72-80E7-7130BD15D70A}.AppStore|x86.ActiveCfg = Release|Any CPU
		{8F5804F7-7AAB-4C72-80E7-7130BD15D70A}.AppStore|x86.Build.0 = Release|Any CPU
		{8F5804F7-7AAB-4C72-80E7-7130BD15D70A}.Debug|Any CPU.ActiveCfg = Debug|Any CPU
		{8F5804F7-7AAB-4C72-80E7-7130BD15D70A}.Debug|Any CPU.Build.0 = Debug|Any CPU
		{8F5804F7-7AAB-4C72-80E7-7130BD15D70A}.Debug|ARM.ActiveCfg = Debug|Any CPU
		{8F5804F7-7AAB-4C72-80E7-7130BD15D70A}.Debug|ARM.Build.0 = Debug|Any CPU
		{8F5804F7-7AAB-4C72-80E7-7130BD15D70A}.Debug|iPhone.ActiveCfg = Debug|Any CPU
		{8F5804F7-7AAB-4C72-80E7-7130BD15D70A}.Debug|iPhone.Build.0 = Debug|Any CPU
		{8F5804F7-7AAB-4C72-80E7-7130BD15D70A}.Debug|iPhoneSimulator.ActiveCfg = Debug|Any CPU
		{8F5804F7-7AAB-4C72-80E7-7130BD15D70A}.Debug|iPhoneSimulator.Build.0 = Debug|Any CPU
		{8F5804F7-7AAB-4C72-80E7-7130BD15D70A}.Debug|x64.ActiveCfg = Debug|Any CPU
		{8F5804F7-7AAB-4C72-80E7-7130BD15D70A}.Debug|x64.Build.0 = Debug|Any CPU
		{8F5804F7-7AAB-4C72-80E7-7130BD15D70A}.Debug|x86.ActiveCfg = Debug|Any CPU
		{8F5804F7-7AAB-4C72-80E7-7130BD15D70A}.Debug|x86.Build.0 = Debug|Any CPU
		{8F5804F7-7AAB-4C72-80E7-7130BD15D70A}.Release|Any CPU.ActiveCfg = Release|Any CPU
		{8F5804F7-7AAB-4C72-80E7-7130BD15D70A}.Release|Any CPU.Build.0 = Release|Any CPU
		{8F5804F7-7AAB-4C72-80E7-7130BD15D70A}.Release|ARM.ActiveCfg = Release|Any CPU
		{8F5804F7-7AAB-4C72-80E7-7130BD15D70A}.Release|ARM.Build.0 = Release|Any CPU
		{8F5804F7-7AAB-4C72-80E7-7130BD15D70A}.Release|iPhone.ActiveCfg = Release|Any CPU
		{8F5804F7-7AAB-4C72-80E7-7130BD15D70A}.Release|iPhone.Build.0 = Release|Any CPU
		{8F5804F7-7AAB-4C72-80E7-7130BD15D70A}.Release|iPhoneSimulator.ActiveCfg = Release|Any CPU
		{8F5804F7-7AAB-4C72-80E7-7130BD15D70A}.Release|iPhoneSimulator.Build.0 = Release|Any CPU
		{8F5804F7-7AAB-4C72-80E7-7130BD15D70A}.Release|x64.ActiveCfg = Release|Any CPU
		{8F5804F7-7AAB-4C72-80E7-7130BD15D70A}.Release|x64.Build.0 = Release|Any CPU
		{8F5804F7-7AAB-4C72-80E7-7130BD15D70A}.Release|x86.ActiveCfg = Release|Any CPU
		{8F5804F7-7AAB-4C72-80E7-7130BD15D70A}.Release|x86.Build.0 = Release|Any CPU
		{F7B20921-508B-4E35-9205-8F51010939F9}.Ad-Hoc|Any CPU.ActiveCfg = Release|Any CPU
		{F7B20921-508B-4E35-9205-8F51010939F9}.Ad-Hoc|Any CPU.Build.0 = Release|Any CPU
		{F7B20921-508B-4E35-9205-8F51010939F9}.Ad-Hoc|ARM.ActiveCfg = Release|Any CPU
		{F7B20921-508B-4E35-9205-8F51010939F9}.Ad-Hoc|ARM.Build.0 = Release|Any CPU
		{F7B20921-508B-4E35-9205-8F51010939F9}.Ad-Hoc|iPhone.ActiveCfg = Release|Any CPU
		{F7B20921-508B-4E35-9205-8F51010939F9}.Ad-Hoc|iPhone.Build.0 = Release|Any CPU
		{F7B20921-508B-4E35-9205-8F51010939F9}.Ad-Hoc|iPhoneSimulator.ActiveCfg = Release|Any CPU
		{F7B20921-508B-4E35-9205-8F51010939F9}.Ad-Hoc|iPhoneSimulator.Build.0 = Release|Any CPU
		{F7B20921-508B-4E35-9205-8F51010939F9}.Ad-Hoc|x64.ActiveCfg = Release|Any CPU
		{F7B20921-508B-4E35-9205-8F51010939F9}.Ad-Hoc|x64.Build.0 = Release|Any CPU
		{F7B20921-508B-4E35-9205-8F51010939F9}.Ad-Hoc|x86.ActiveCfg = Release|Any CPU
		{F7B20921-508B-4E35-9205-8F51010939F9}.Ad-Hoc|x86.Build.0 = Release|Any CPU
		{F7B20921-508B-4E35-9205-8F51010939F9}.AppStore|Any CPU.ActiveCfg = Release|Any CPU
		{F7B20921-508B-4E35-9205-8F51010939F9}.AppStore|Any CPU.Build.0 = Release|Any CPU
		{F7B20921-508B-4E35-9205-8F51010939F9}.AppStore|ARM.ActiveCfg = Release|Any CPU
		{F7B20921-508B-4E35-9205-8F51010939F9}.AppStore|ARM.Build.0 = Release|Any CPU
		{F7B20921-508B-4E35-9205-8F51010939F9}.AppStore|iPhone.ActiveCfg = Release|Any CPU
		{F7B20921-508B-4E35-9205-8F51010939F9}.AppStore|iPhone.Build.0 = Release|Any CPU
		{F7B20921-508B-4E35-9205-8F51010939F9}.AppStore|iPhoneSimulator.ActiveCfg = Release|Any CPU
		{F7B20921-508B-4E35-9205-8F51010939F9}.AppStore|iPhoneSimulator.Build.0 = Release|Any CPU
		{F7B20921-508B-4E35-9205-8F51010939F9}.AppStore|x64.ActiveCfg = Release|Any CPU
		{F7B20921-508B-4E35-9205-8F51010939F9}.AppStore|x64.Build.0 = Release|Any CPU
		{F7B20921-508B-4E35-9205-8F51010939F9}.AppStore|x86.ActiveCfg = Release|Any CPU
		{F7B20921-508B-4E35-9205-8F51010939F9}.AppStore|x86.Build.0 = Release|Any CPU
		{F7B20921-508B-4E35-9205-8F51010939F9}.Debug|Any CPU.ActiveCfg = Debug|Any CPU
		{F7B20921-508B-4E35-9205-8F51010939F9}.Debug|Any CPU.Build.0 = Debug|Any CPU
		{F7B20921-508B-4E35-9205-8F51010939F9}.Debug|ARM.ActiveCfg = Debug|Any CPU
		{F7B20921-508B-4E35-9205-8F51010939F9}.Debug|ARM.Build.0 = Debug|Any CPU
		{F7B20921-508B-4E35-9205-8F51010939F9}.Debug|iPhone.ActiveCfg = Debug|Any CPU
		{F7B20921-508B-4E35-9205-8F51010939F9}.Debug|iPhone.Build.0 = Debug|Any CPU
		{F7B20921-508B-4E35-9205-8F51010939F9}.Debug|iPhoneSimulator.ActiveCfg = Debug|Any CPU
		{F7B20921-508B-4E35-9205-8F51010939F9}.Debug|iPhoneSimulator.Build.0 = Debug|Any CPU
		{F7B20921-508B-4E35-9205-8F51010939F9}.Debug|x64.ActiveCfg = Debug|Any CPU
		{F7B20921-508B-4E35-9205-8F51010939F9}.Debug|x64.Build.0 = Debug|Any CPU
		{F7B20921-508B-4E35-9205-8F51010939F9}.Debug|x86.ActiveCfg = Debug|Any CPU
		{F7B20921-508B-4E35-9205-8F51010939F9}.Debug|x86.Build.0 = Debug|Any CPU
		{F7B20921-508B-4E35-9205-8F51010939F9}.Release|Any CPU.ActiveCfg = Release|Any CPU
		{F7B20921-508B-4E35-9205-8F51010939F9}.Release|Any CPU.Build.0 = Release|Any CPU
		{F7B20921-508B-4E35-9205-8F51010939F9}.Release|ARM.ActiveCfg = Release|Any CPU
		{F7B20921-508B-4E35-9205-8F51010939F9}.Release|ARM.Build.0 = Release|Any CPU
		{F7B20921-508B-4E35-9205-8F51010939F9}.Release|iPhone.ActiveCfg = Release|Any CPU
		{F7B20921-508B-4E35-9205-8F51010939F9}.Release|iPhone.Build.0 = Release|Any CPU
		{F7B20921-508B-4E35-9205-8F51010939F9}.Release|iPhoneSimulator.ActiveCfg = Release|Any CPU
		{F7B20921-508B-4E35-9205-8F51010939F9}.Release|iPhoneSimulator.Build.0 = Release|Any CPU
		{F7B20921-508B-4E35-9205-8F51010939F9}.Release|x64.ActiveCfg = Release|Any CPU
		{F7B20921-508B-4E35-9205-8F51010939F9}.Release|x64.Build.0 = Release|Any CPU
		{F7B20921-508B-4E35-9205-8F51010939F9}.Release|x86.ActiveCfg = Release|Any CPU
		{F7B20921-508B-4E35-9205-8F51010939F9}.Release|x86.Build.0 = Release|Any CPU
		{A20273A7-DBBE-4DC1-BB88-EA5F41F6CE49}.Ad-Hoc|Any CPU.ActiveCfg = Release|Any CPU
		{A20273A7-DBBE-4DC1-BB88-EA5F41F6CE49}.Ad-Hoc|Any CPU.Build.0 = Release|Any CPU
		{A20273A7-DBBE-4DC1-BB88-EA5F41F6CE49}.Ad-Hoc|Any CPU.Deploy.0 = Release|Any CPU
		{A20273A7-DBBE-4DC1-BB88-EA5F41F6CE49}.Ad-Hoc|ARM.ActiveCfg = Release|Any CPU
		{A20273A7-DBBE-4DC1-BB88-EA5F41F6CE49}.Ad-Hoc|ARM.Build.0 = Release|Any CPU
		{A20273A7-DBBE-4DC1-BB88-EA5F41F6CE49}.Ad-Hoc|ARM.Deploy.0 = Release|Any CPU
		{A20273A7-DBBE-4DC1-BB88-EA5F41F6CE49}.Ad-Hoc|iPhone.ActiveCfg = Release|Any CPU
		{A20273A7-DBBE-4DC1-BB88-EA5F41F6CE49}.Ad-Hoc|iPhone.Build.0 = Release|Any CPU
		{A20273A7-DBBE-4DC1-BB88-EA5F41F6CE49}.Ad-Hoc|iPhone.Deploy.0 = Release|Any CPU
		{A20273A7-DBBE-4DC1-BB88-EA5F41F6CE49}.Ad-Hoc|iPhoneSimulator.ActiveCfg = Release|Any CPU
		{A20273A7-DBBE-4DC1-BB88-EA5F41F6CE49}.Ad-Hoc|iPhoneSimulator.Build.0 = Release|Any CPU
		{A20273A7-DBBE-4DC1-BB88-EA5F41F6CE49}.Ad-Hoc|iPhoneSimulator.Deploy.0 = Release|Any CPU
		{A20273A7-DBBE-4DC1-BB88-EA5F41F6CE49}.Ad-Hoc|x64.ActiveCfg = Release|Any CPU
		{A20273A7-DBBE-4DC1-BB88-EA5F41F6CE49}.Ad-Hoc|x64.Build.0 = Release|Any CPU
		{A20273A7-DBBE-4DC1-BB88-EA5F41F6CE49}.Ad-Hoc|x64.Deploy.0 = Release|Any CPU
		{A20273A7-DBBE-4DC1-BB88-EA5F41F6CE49}.Ad-Hoc|x86.ActiveCfg = Release|Any CPU
		{A20273A7-DBBE-4DC1-BB88-EA5F41F6CE49}.Ad-Hoc|x86.Build.0 = Release|Any CPU
		{A20273A7-DBBE-4DC1-BB88-EA5F41F6CE49}.Ad-Hoc|x86.Deploy.0 = Release|Any CPU
		{A20273A7-DBBE-4DC1-BB88-EA5F41F6CE49}.AppStore|Any CPU.ActiveCfg = Release|Any CPU
		{A20273A7-DBBE-4DC1-BB88-EA5F41F6CE49}.AppStore|Any CPU.Build.0 = Release|Any CPU
		{A20273A7-DBBE-4DC1-BB88-EA5F41F6CE49}.AppStore|Any CPU.Deploy.0 = Release|Any CPU
		{A20273A7-DBBE-4DC1-BB88-EA5F41F6CE49}.AppStore|ARM.ActiveCfg = Release|Any CPU
		{A20273A7-DBBE-4DC1-BB88-EA5F41F6CE49}.AppStore|ARM.Build.0 = Release|Any CPU
		{A20273A7-DBBE-4DC1-BB88-EA5F41F6CE49}.AppStore|ARM.Deploy.0 = Release|Any CPU
		{A20273A7-DBBE-4DC1-BB88-EA5F41F6CE49}.AppStore|iPhone.ActiveCfg = Release|Any CPU
		{A20273A7-DBBE-4DC1-BB88-EA5F41F6CE49}.AppStore|iPhone.Build.0 = Release|Any CPU
		{A20273A7-DBBE-4DC1-BB88-EA5F41F6CE49}.AppStore|iPhone.Deploy.0 = Release|Any CPU
		{A20273A7-DBBE-4DC1-BB88-EA5F41F6CE49}.AppStore|iPhoneSimulator.ActiveCfg = Release|Any CPU
		{A20273A7-DBBE-4DC1-BB88-EA5F41F6CE49}.AppStore|iPhoneSimulator.Build.0 = Release|Any CPU
		{A20273A7-DBBE-4DC1-BB88-EA5F41F6CE49}.AppStore|iPhoneSimulator.Deploy.0 = Release|Any CPU
		{A20273A7-DBBE-4DC1-BB88-EA5F41F6CE49}.AppStore|x64.ActiveCfg = Release|Any CPU
		{A20273A7-DBBE-4DC1-BB88-EA5F41F6CE49}.AppStore|x64.Build.0 = Release|Any CPU
		{A20273A7-DBBE-4DC1-BB88-EA5F41F6CE49}.AppStore|x64.Deploy.0 = Release|Any CPU
		{A20273A7-DBBE-4DC1-BB88-EA5F41F6CE49}.AppStore|x86.ActiveCfg = Release|Any CPU
		{A20273A7-DBBE-4DC1-BB88-EA5F41F6CE49}.AppStore|x86.Build.0 = Release|Any CPU
		{A20273A7-DBBE-4DC1-BB88-EA5F41F6CE49}.AppStore|x86.Deploy.0 = Release|Any CPU
		{A20273A7-DBBE-4DC1-BB88-EA5F41F6CE49}.Debug|Any CPU.ActiveCfg = Debug|Any CPU
		{A20273A7-DBBE-4DC1-BB88-EA5F41F6CE49}.Debug|Any CPU.Build.0 = Debug|Any CPU
		{A20273A7-DBBE-4DC1-BB88-EA5F41F6CE49}.Debug|Any CPU.Deploy.0 = Debug|Any CPU
		{A20273A7-DBBE-4DC1-BB88-EA5F41F6CE49}.Debug|ARM.ActiveCfg = Debug|Any CPU
		{A20273A7-DBBE-4DC1-BB88-EA5F41F6CE49}.Debug|ARM.Build.0 = Debug|Any CPU
		{A20273A7-DBBE-4DC1-BB88-EA5F41F6CE49}.Debug|ARM.Deploy.0 = Debug|Any CPU
		{A20273A7-DBBE-4DC1-BB88-EA5F41F6CE49}.Debug|iPhone.ActiveCfg = Debug|Any CPU
		{A20273A7-DBBE-4DC1-BB88-EA5F41F6CE49}.Debug|iPhone.Build.0 = Debug|Any CPU
		{A20273A7-DBBE-4DC1-BB88-EA5F41F6CE49}.Debug|iPhone.Deploy.0 = Debug|Any CPU
		{A20273A7-DBBE-4DC1-BB88-EA5F41F6CE49}.Debug|iPhoneSimulator.ActiveCfg = Debug|Any CPU
		{A20273A7-DBBE-4DC1-BB88-EA5F41F6CE49}.Debug|iPhoneSimulator.Build.0 = Debug|Any CPU
		{A20273A7-DBBE-4DC1-BB88-EA5F41F6CE49}.Debug|iPhoneSimulator.Deploy.0 = Debug|Any CPU
		{A20273A7-DBBE-4DC1-BB88-EA5F41F6CE49}.Debug|x64.ActiveCfg = Debug|Any CPU
		{A20273A7-DBBE-4DC1-BB88-EA5F41F6CE49}.Debug|x64.Build.0 = Debug|Any CPU
		{A20273A7-DBBE-4DC1-BB88-EA5F41F6CE49}.Debug|x64.Deploy.0 = Debug|Any CPU
		{A20273A7-DBBE-4DC1-BB88-EA5F41F6CE49}.Debug|x86.ActiveCfg = Debug|Any CPU
		{A20273A7-DBBE-4DC1-BB88-EA5F41F6CE49}.Debug|x86.Build.0 = Debug|Any CPU
		{A20273A7-DBBE-4DC1-BB88-EA5F41F6CE49}.Debug|x86.Deploy.0 = Debug|Any CPU
		{A20273A7-DBBE-4DC1-BB88-EA5F41F6CE49}.Release|Any CPU.ActiveCfg = Release|Any CPU
		{A20273A7-DBBE-4DC1-BB88-EA5F41F6CE49}.Release|Any CPU.Build.0 = Release|Any CPU
		{A20273A7-DBBE-4DC1-BB88-EA5F41F6CE49}.Release|Any CPU.Deploy.0 = Release|Any CPU
		{A20273A7-DBBE-4DC1-BB88-EA5F41F6CE49}.Release|ARM.ActiveCfg = Release|Any CPU
		{A20273A7-DBBE-4DC1-BB88-EA5F41F6CE49}.Release|ARM.Build.0 = Release|Any CPU
		{A20273A7-DBBE-4DC1-BB88-EA5F41F6CE49}.Release|ARM.Deploy.0 = Release|Any CPU
		{A20273A7-DBBE-4DC1-BB88-EA5F41F6CE49}.Release|iPhone.ActiveCfg = Release|Any CPU
		{A20273A7-DBBE-4DC1-BB88-EA5F41F6CE49}.Release|iPhone.Build.0 = Release|Any CPU
		{A20273A7-DBBE-4DC1-BB88-EA5F41F6CE49}.Release|iPhone.Deploy.0 = Release|Any CPU
		{A20273A7-DBBE-4DC1-BB88-EA5F41F6CE49}.Release|iPhoneSimulator.ActiveCfg = Release|Any CPU
		{A20273A7-DBBE-4DC1-BB88-EA5F41F6CE49}.Release|iPhoneSimulator.Build.0 = Release|Any CPU
		{A20273A7-DBBE-4DC1-BB88-EA5F41F6CE49}.Release|iPhoneSimulator.Deploy.0 = Release|Any CPU
		{A20273A7-DBBE-4DC1-BB88-EA5F41F6CE49}.Release|x64.ActiveCfg = Release|Any CPU
		{A20273A7-DBBE-4DC1-BB88-EA5F41F6CE49}.Release|x64.Build.0 = Release|Any CPU
		{A20273A7-DBBE-4DC1-BB88-EA5F41F6CE49}.Release|x64.Deploy.0 = Release|Any CPU
		{A20273A7-DBBE-4DC1-BB88-EA5F41F6CE49}.Release|x86.ActiveCfg = Release|Any CPU
		{A20273A7-DBBE-4DC1-BB88-EA5F41F6CE49}.Release|x86.Build.0 = Release|Any CPU
		{A20273A7-DBBE-4DC1-BB88-EA5F41F6CE49}.Release|x86.Deploy.0 = Release|Any CPU
		{0D0189A5-2AD2-4221-B1ED-3623A02D539B}.Ad-Hoc|Any CPU.ActiveCfg = Ad-Hoc|iPhone
		{0D0189A5-2AD2-4221-B1ED-3623A02D539B}.Ad-Hoc|ARM.ActiveCfg = Ad-Hoc|iPhone
		{0D0189A5-2AD2-4221-B1ED-3623A02D539B}.Ad-Hoc|iPhone.ActiveCfg = Ad-Hoc|iPhone
		{0D0189A5-2AD2-4221-B1ED-3623A02D539B}.Ad-Hoc|iPhone.Build.0 = Ad-Hoc|iPhone
		{0D0189A5-2AD2-4221-B1ED-3623A02D539B}.Ad-Hoc|iPhoneSimulator.ActiveCfg = Ad-Hoc|iPhoneSimulator
		{0D0189A5-2AD2-4221-B1ED-3623A02D539B}.Ad-Hoc|iPhoneSimulator.Build.0 = Ad-Hoc|iPhoneSimulator
		{0D0189A5-2AD2-4221-B1ED-3623A02D539B}.Ad-Hoc|x64.ActiveCfg = Ad-Hoc|iPhone
		{0D0189A5-2AD2-4221-B1ED-3623A02D539B}.Ad-Hoc|x86.ActiveCfg = Ad-Hoc|iPhone
		{0D0189A5-2AD2-4221-B1ED-3623A02D539B}.AppStore|Any CPU.ActiveCfg = AppStore|iPhone
		{0D0189A5-2AD2-4221-B1ED-3623A02D539B}.AppStore|ARM.ActiveCfg = AppStore|iPhone
		{0D0189A5-2AD2-4221-B1ED-3623A02D539B}.AppStore|iPhone.ActiveCfg = AppStore|iPhone
		{0D0189A5-2AD2-4221-B1ED-3623A02D539B}.AppStore|iPhone.Build.0 = AppStore|iPhone
		{0D0189A5-2AD2-4221-B1ED-3623A02D539B}.AppStore|iPhoneSimulator.ActiveCfg = AppStore|iPhoneSimulator
		{0D0189A5-2AD2-4221-B1ED-3623A02D539B}.AppStore|iPhoneSimulator.Build.0 = AppStore|iPhoneSimulator
		{0D0189A5-2AD2-4221-B1ED-3623A02D539B}.AppStore|x64.ActiveCfg = AppStore|iPhone
		{0D0189A5-2AD2-4221-B1ED-3623A02D539B}.AppStore|x86.ActiveCfg = AppStore|iPhone
		{0D0189A5-2AD2-4221-B1ED-3623A02D539B}.Debug|Any CPU.ActiveCfg = Debug|iPhone
		{0D0189A5-2AD2-4221-B1ED-3623A02D539B}.Debug|ARM.ActiveCfg = Debug|iPhone
		{0D0189A5-2AD2-4221-B1ED-3623A02D539B}.Debug|iPhone.ActiveCfg = Debug|iPhone
		{0D0189A5-2AD2-4221-B1ED-3623A02D539B}.Debug|iPhone.Build.0 = Debug|iPhone
		{0D0189A5-2AD2-4221-B1ED-3623A02D539B}.Debug|iPhoneSimulator.ActiveCfg = Debug|iPhoneSimulator
		{0D0189A5-2AD2-4221-B1ED-3623A02D539B}.Debug|iPhoneSimulator.Build.0 = Debug|iPhoneSimulator
		{0D0189A5-2AD2-4221-B1ED-3623A02D539B}.Debug|x64.ActiveCfg = Debug|iPhone
		{0D0189A5-2AD2-4221-B1ED-3623A02D539B}.Debug|x86.ActiveCfg = Debug|iPhone
		{0D0189A5-2AD2-4221-B1ED-3623A02D539B}.Release|Any CPU.ActiveCfg = Release|iPhone
		{0D0189A5-2AD2-4221-B1ED-3623A02D539B}.Release|ARM.ActiveCfg = Release|iPhone
		{0D0189A5-2AD2-4221-B1ED-3623A02D539B}.Release|iPhone.ActiveCfg = Release|iPhone
		{0D0189A5-2AD2-4221-B1ED-3623A02D539B}.Release|iPhone.Build.0 = Release|iPhone
		{0D0189A5-2AD2-4221-B1ED-3623A02D539B}.Release|iPhoneSimulator.ActiveCfg = Release|iPhoneSimulator
		{0D0189A5-2AD2-4221-B1ED-3623A02D539B}.Release|iPhoneSimulator.Build.0 = Release|iPhoneSimulator
		{0D0189A5-2AD2-4221-B1ED-3623A02D539B}.Release|x64.ActiveCfg = Release|iPhone
		{0D0189A5-2AD2-4221-B1ED-3623A02D539B}.Release|x86.ActiveCfg = Release|iPhone
		{0128A3BD-99BF-472E-B23B-4CC48C5214E9}.Ad-Hoc|Any CPU.ActiveCfg = Release|x86
		{0128A3BD-99BF-472E-B23B-4CC48C5214E9}.Ad-Hoc|Any CPU.Build.0 = Release|x86
		{0128A3BD-99BF-472E-B23B-4CC48C5214E9}.Ad-Hoc|Any CPU.Deploy.0 = Release|x86
		{0128A3BD-99BF-472E-B23B-4CC48C5214E9}.Ad-Hoc|ARM.ActiveCfg = Release|ARM
		{0128A3BD-99BF-472E-B23B-4CC48C5214E9}.Ad-Hoc|ARM.Build.0 = Release|ARM
		{0128A3BD-99BF-472E-B23B-4CC48C5214E9}.Ad-Hoc|ARM.Deploy.0 = Release|ARM
		{0128A3BD-99BF-472E-B23B-4CC48C5214E9}.Ad-Hoc|iPhone.ActiveCfg = Release|x86
		{0128A3BD-99BF-472E-B23B-4CC48C5214E9}.Ad-Hoc|iPhone.Build.0 = Release|x86
		{0128A3BD-99BF-472E-B23B-4CC48C5214E9}.Ad-Hoc|iPhone.Deploy.0 = Release|x86
		{0128A3BD-99BF-472E-B23B-4CC48C5214E9}.Ad-Hoc|iPhoneSimulator.ActiveCfg = Release|x86
		{0128A3BD-99BF-472E-B23B-4CC48C5214E9}.Ad-Hoc|iPhoneSimulator.Build.0 = Release|x86
		{0128A3BD-99BF-472E-B23B-4CC48C5214E9}.Ad-Hoc|iPhoneSimulator.Deploy.0 = Release|x86
		{0128A3BD-99BF-472E-B23B-4CC48C5214E9}.Ad-Hoc|x64.ActiveCfg = Release|x64
		{0128A3BD-99BF-472E-B23B-4CC48C5214E9}.Ad-Hoc|x64.Build.0 = Release|x64
		{0128A3BD-99BF-472E-B23B-4CC48C5214E9}.Ad-Hoc|x64.Deploy.0 = Release|x64
		{0128A3BD-99BF-472E-B23B-4CC48C5214E9}.Ad-Hoc|x86.ActiveCfg = Release|x86
		{0128A3BD-99BF-472E-B23B-4CC48C5214E9}.Ad-Hoc|x86.Build.0 = Release|x86
		{0128A3BD-99BF-472E-B23B-4CC48C5214E9}.Ad-Hoc|x86.Deploy.0 = Release|x86
		{0128A3BD-99BF-472E-B23B-4CC48C5214E9}.AppStore|Any CPU.ActiveCfg = Release|x86
		{0128A3BD-99BF-472E-B23B-4CC48C5214E9}.AppStore|Any CPU.Build.0 = Release|x86
		{0128A3BD-99BF-472E-B23B-4CC48C5214E9}.AppStore|Any CPU.Deploy.0 = Release|x86
		{0128A3BD-99BF-472E-B23B-4CC48C5214E9}.AppStore|ARM.ActiveCfg = Release|ARM
		{0128A3BD-99BF-472E-B23B-4CC48C5214E9}.AppStore|ARM.Build.0 = Release|ARM
		{0128A3BD-99BF-472E-B23B-4CC48C5214E9}.AppStore|ARM.Deploy.0 = Release|ARM
		{0128A3BD-99BF-472E-B23B-4CC48C5214E9}.AppStore|iPhone.ActiveCfg = Release|x86
		{0128A3BD-99BF-472E-B23B-4CC48C5214E9}.AppStore|iPhone.Build.0 = Release|x86
		{0128A3BD-99BF-472E-B23B-4CC48C5214E9}.AppStore|iPhone.Deploy.0 = Release|x86
		{0128A3BD-99BF-472E-B23B-4CC48C5214E9}.AppStore|iPhoneSimulator.ActiveCfg = Release|x86
		{0128A3BD-99BF-472E-B23B-4CC48C5214E9}.AppStore|iPhoneSimulator.Build.0 = Release|x86
		{0128A3BD-99BF-472E-B23B-4CC48C5214E9}.AppStore|iPhoneSimulator.Deploy.0 = Release|x86
		{0128A3BD-99BF-472E-B23B-4CC48C5214E9}.AppStore|x64.ActiveCfg = Release|x64
		{0128A3BD-99BF-472E-B23B-4CC48C5214E9}.AppStore|x64.Build.0 = Release|x64
		{0128A3BD-99BF-472E-B23B-4CC48C5214E9}.AppStore|x64.Deploy.0 = Release|x64
		{0128A3BD-99BF-472E-B23B-4CC48C5214E9}.AppStore|x86.ActiveCfg = Release|x86
		{0128A3BD-99BF-472E-B23B-4CC48C5214E9}.AppStore|x86.Build.0 = Release|x86
		{0128A3BD-99BF-472E-B23B-4CC48C5214E9}.AppStore|x86.Deploy.0 = Release|x86
		{0128A3BD-99BF-472E-B23B-4CC48C5214E9}.Debug|Any CPU.ActiveCfg = Debug|x86
		{0128A3BD-99BF-472E-B23B-4CC48C5214E9}.Debug|ARM.ActiveCfg = Debug|ARM
		{0128A3BD-99BF-472E-B23B-4CC48C5214E9}.Debug|ARM.Build.0 = Debug|ARM
		{0128A3BD-99BF-472E-B23B-4CC48C5214E9}.Debug|ARM.Deploy.0 = Debug|ARM
		{0128A3BD-99BF-472E-B23B-4CC48C5214E9}.Debug|iPhone.ActiveCfg = Debug|x86
		{0128A3BD-99BF-472E-B23B-4CC48C5214E9}.Debug|iPhoneSimulator.ActiveCfg = Debug|x86
		{0128A3BD-99BF-472E-B23B-4CC48C5214E9}.Debug|x64.ActiveCfg = Debug|x64
		{0128A3BD-99BF-472E-B23B-4CC48C5214E9}.Debug|x64.Build.0 = Debug|x64
		{0128A3BD-99BF-472E-B23B-4CC48C5214E9}.Debug|x64.Deploy.0 = Debug|x64
		{0128A3BD-99BF-472E-B23B-4CC48C5214E9}.Debug|x86.ActiveCfg = Debug|x86
		{0128A3BD-99BF-472E-B23B-4CC48C5214E9}.Debug|x86.Build.0 = Debug|x86
		{0128A3BD-99BF-472E-B23B-4CC48C5214E9}.Debug|x86.Deploy.0 = Debug|x86
		{0128A3BD-99BF-472E-B23B-4CC48C5214E9}.Release|Any CPU.ActiveCfg = Release|x86
		{0128A3BD-99BF-472E-B23B-4CC48C5214E9}.Release|ARM.ActiveCfg = Release|ARM
		{0128A3BD-99BF-472E-B23B-4CC48C5214E9}.Release|ARM.Build.0 = Release|ARM
		{0128A3BD-99BF-472E-B23B-4CC48C5214E9}.Release|ARM.Deploy.0 = Release|ARM
		{0128A3BD-99BF-472E-B23B-4CC48C5214E9}.Release|iPhone.ActiveCfg = Release|x86
		{0128A3BD-99BF-472E-B23B-4CC48C5214E9}.Release|iPhoneSimulator.ActiveCfg = Release|x86
		{0128A3BD-99BF-472E-B23B-4CC48C5214E9}.Release|x64.ActiveCfg = Release|x64
		{0128A3BD-99BF-472E-B23B-4CC48C5214E9}.Release|x64.Build.0 = Release|x64
		{0128A3BD-99BF-472E-B23B-4CC48C5214E9}.Release|x64.Deploy.0 = Release|x64
		{0128A3BD-99BF-472E-B23B-4CC48C5214E9}.Release|x86.ActiveCfg = Release|x86
		{0128A3BD-99BF-472E-B23B-4CC48C5214E9}.Release|x86.Build.0 = Release|x86
		{0128A3BD-99BF-472E-B23B-4CC48C5214E9}.Release|x86.Deploy.0 = Release|x86
	EndGlobalSection
	GlobalSection(SolutionProperties) = preSolution
		HideSolutionNode = FALSE
	EndGlobalSection
	GlobalSection(NestedProjects) = preSolution
		{322279E7-3097-491D-A81B-C2700AACA090} = {BB3F8074-2150-4C01-A68B-53A9F9EE9752}
		{5E3E2972-2D0B-466E-856A-038E73591B6B} = {BB3F8074-2150-4C01-A68B-53A9F9EE9752}
		{C4795BCC-9598-4D73-AC6A-B522A954EAA9} = {BB3F8074-2150-4C01-A68B-53A9F9EE9752}
		{F7B20921-508B-4E35-9205-8F51010939F9} = {D66B19CD-BB50-4C40-A98B-34A5A6F03C9F}
		{A20273A7-DBBE-4DC1-BB88-EA5F41F6CE49} = {D66B19CD-BB50-4C40-A98B-34A5A6F03C9F}
		{0D0189A5-2AD2-4221-B1ED-3623A02D539B} = {D66B19CD-BB50-4C40-A98B-34A5A6F03C9F}
		{0128A3BD-99BF-472E-B23B-4CC48C5214E9} = {D66B19CD-BB50-4C40-A98B-34A5A6F03C9F}
	EndGlobalSection
	GlobalSection(MonoDevelopProperties) = preSolution
		Policies = $0
		$0.DotNetNamingPolicy = $1
		$1.DirectoryNamespaceAssociation = None
		$1.ResourceNamePolicy = FileFormatDefault
	EndGlobalSection
EndGlobal
