
Microsoft Visual Studio Solution File, Format Version 12.00
# Visual Studio 14
VisualStudioVersion = 14.0.25420.1
MinimumVisualStudioVersion = 10.0.40219.1
Project("{FAE04EC0-301F-11D3-BF4B-00C04F79EFBC}") = "DLToolkit.PageFactory.Shared", "DLToolkit.PageFactory.Shared\DLToolkit.PageFactory.Shared.csproj", "{86124AC2-DCF7-4BBA-A303-93147CF1FA87}"
EndProject
Project("{FAE04EC0-301F-11D3-BF4B-00C04F79EFBC}") = "DLToolkit.PageFactory.Forms", "DLToolkit.PageFactory.Forms\DLToolkit.PageFactory.Forms.csproj", "{A02E864B-6EA9-4D75-8B69-45D6D12FC2DF}"
EndProject
Project("{2150E333-8FDC-42A3-9474-1A3956D46DE8}") = "Solution Items", "Solution Items", "{6F14E403-8875-436E-9A30-EE03D9F4BE8B}"
	ProjectSection(SolutionItems) = preProject
		DLToolkit.PageFactory.Forms.nuspec = DLToolkit.PageFactory.Forms.nuspec
		DLToolkit.PageFactory.Shared.nuspec = DLToolkit.PageFactory.Shared.nuspec
	EndProjectSection
EndProject
Project("{2150E333-8FDC-42A3-9474-1A3956D46DE8}") = "Examples", "Examples", "{BB3F8074-2150-4C01-A68B-53A9F9EE9752}"
EndProject
Project("{FAE04EC0-301F-11D3-BF4B-00C04F79EFBC}") = "PageFactory.Examples", "Examples\PageFactory.Examples.csproj", "{4C3A1356-7AB2-4AED-BD57-03311D0B2AF4}"
EndProject
Project("{FAE04EC0-301F-11D3-BF4B-00C04F79EFBC}") = "PageFactory.Examples.iOS", "Examples\iOS\PageFactory.Examples.iOS.csproj", "{35E63F5B-7628-46FA-B240-A9D97DE6929B}"
EndProject
Project("{FAE04EC0-301F-11D3-BF4B-00C04F79EFBC}") = "PageFactory.Examples.Droid", "Examples\Droid\PageFactory.Examples.Droid.csproj", "{D67D4ECF-C31E-429A-AA2E-3DA8158584D5}"
EndProject
Project("{2150E333-8FDC-42A3-9474-1A3956D46DE8}") = "ExamplesRxUI", "ExamplesRxUI", "{867104FB-11EF-4B41-98C9-D707108DF556}"
EndProject
Project("{FAE04EC0-301F-11D3-BF4B-00C04F79EFBC}") = "PageFactory.Examples.RxUI", "ExamplesRxUI\PageFactory.Examples.RxUI\PageFactory.Examples.RxUI.csproj", "{8AF44EA8-C3DA-459C-A5CB-DED2A5DA500A}"
EndProject
Project("{FAE04EC0-301F-11D3-BF4B-00C04F79EFBC}") = "PageFactory.Examples.RxUI.Droid", "ExamplesRxUI\PageFactory.Examples.RxUI.Droid\PageFactory.Examples.RxUI.Droid.csproj", "{C2FFFFF2-1640-42EA-94AC-F01519038B93}"
EndProject
Project("{FAE04EC0-301F-11D3-BF4B-00C04F79EFBC}") = "PageFactory.Examples.RxUI.iOS", "ExamplesRxUI\PageFactory.Examples.RxUI.iOS\PageFactory.Examples.RxUI.iOS.csproj", "{E3C53C66-2B72-4FAD-B368-A03C0044BBD7}"
EndProject
Project("{FAE04EC0-301F-11D3-BF4B-00C04F79EFBC}") = "DLToolkit.PageFactory.Forms.RxUI", "DLToolkit.PageFactory.Forms.RxUI\DLToolkit.PageFactory.Forms.RxUI.csproj", "{4BEF57B2-FDC8-451E-97ED-C53B0A419600}"
EndProject
Global
	GlobalSection(SolutionConfigurationPlatforms) = preSolution
		Ad-Hoc|Any CPU = Ad-Hoc|Any CPU
		Ad-Hoc|ARM = Ad-Hoc|ARM
		Ad-Hoc|iPhone = Ad-Hoc|iPhone
		Ad-Hoc|iPhoneSimulator = Ad-Hoc|iPhoneSimulator
		Ad-Hoc|x64 = Ad-Hoc|x64
		Ad-Hoc|x86 = Ad-Hoc|x86
		AppStore|Any CPU = AppStore|Any CPU
		AppStore|ARM = AppStore|ARM
		AppStore|iPhone = AppStore|iPhone
		AppStore|iPhoneSimulator = AppStore|iPhoneSimulator
		AppStore|x64 = AppStore|x64
		AppStore|x86 = AppStore|x86
		Debug|Any CPU = Debug|Any CPU
		Debug|ARM = Debug|ARM
		Debug|iPhone = Debug|iPhone
		Debug|iPhoneSimulator = Debug|iPhoneSimulator
		Debug|x64 = Debug|x64
		Debug|x86 = Debug|x86
		Release|Any CPU = Release|Any CPU
		Release|ARM = Release|ARM
		Release|iPhone = Release|iPhone
		Release|iPhoneSimulator = Release|iPhoneSimulator
		Release|x64 = Release|x64
		Release|x86 = Release|x86
	EndGlobalSection
	GlobalSection(ProjectConfigurationPlatforms) = postSolution
		{86124AC2-DCF7-4BBA-A303-93147CF1FA87}.Ad-Hoc|Any CPU.ActiveCfg = Release|Any CPU
		{86124AC2-DCF7-4BBA-A303-93147CF1FA87}.Ad-Hoc|Any CPU.Build.0 = Release|Any CPU
		{86124AC2-DCF7-4BBA-A303-93147CF1FA87}.Ad-Hoc|ARM.ActiveCfg = Release|Any CPU
		{86124AC2-DCF7-4BBA-A303-93147CF1FA87}.Ad-Hoc|ARM.Build.0 = Release|Any CPU
		{86124AC2-DCF7-4BBA-A303-93147CF1FA87}.Ad-Hoc|iPhone.ActiveCfg = Release|Any CPU
		{86124AC2-DCF7-4BBA-A303-93147CF1FA87}.Ad-Hoc|iPhone.Build.0 = Release|Any CPU
		{86124AC2-DCF7-4BBA-A303-93147CF1FA87}.Ad-Hoc|iPhoneSimulator.ActiveCfg = Release|Any CPU
		{86124AC2-DCF7-4BBA-A303-93147CF1FA87}.Ad-Hoc|iPhoneSimulator.Build.0 = Release|Any CPU
		{86124AC2-DCF7-4BBA-A303-93147CF1FA87}.Ad-Hoc|x64.ActiveCfg = Release|Any CPU
		{86124AC2-DCF7-4BBA-A303-93147CF1FA87}.Ad-Hoc|x64.Build.0 = Release|Any CPU
		{86124AC2-DCF7-4BBA-A303-93147CF1FA87}.Ad-Hoc|x86.ActiveCfg = Release|Any CPU
		{86124AC2-DCF7-4BBA-A303-93147CF1FA87}.Ad-Hoc|x86.Build.0 = Release|Any CPU
		{86124AC2-DCF7-4BBA-A303-93147CF1FA87}.AppStore|Any CPU.ActiveCfg = Release|Any CPU
		{86124AC2-DCF7-4BBA-A303-93147CF1FA87}.AppStore|Any CPU.Build.0 = Release|Any CPU
		{86124AC2-DCF7-4BBA-A303-93147CF1FA87}.AppStore|ARM.ActiveCfg = Release|Any CPU
		{86124AC2-DCF7-4BBA-A303-93147CF1FA87}.AppStore|ARM.Build.0 = Release|Any CPU
		{86124AC2-DCF7-4BBA-A303-93147CF1FA87}.AppStore|iPhone.ActiveCfg = Release|Any CPU
		{86124AC2-DCF7-4BBA-A303-93147CF1FA87}.AppStore|iPhone.Build.0 = Release|Any CPU
		{86124AC2-DCF7-4BBA-A303-93147CF1FA87}.AppStore|iPhoneSimulator.ActiveCfg = Release|Any CPU
		{86124AC2-DCF7-4BBA-A303-93147CF1FA87}.AppStore|iPhoneSimulator.Build.0 = Release|Any CPU
		{86124AC2-DCF7-4BBA-A303-93147CF1FA87}.AppStore|x64.ActiveCfg = Release|Any CPU
		{86124AC2-DCF7-4BBA-A303-93147CF1FA87}.AppStore|x64.Build.0 = Release|Any CPU
		{86124AC2-DCF7-4BBA-A303-93147CF1FA87}.AppStore|x86.ActiveCfg = Release|Any CPU
		{86124AC2-DCF7-4BBA-A303-93147CF1FA87}.AppStore|x86.Build.0 = Release|Any CPU
		{86124AC2-DCF7-4BBA-A303-93147CF1FA87}.Debug|Any CPU.ActiveCfg = Debug|Any CPU
		{86124AC2-DCF7-4BBA-A303-93147CF1FA87}.Debug|Any CPU.Build.0 = Debug|Any CPU
		{86124AC2-DCF7-4BBA-A303-93147CF1FA87}.Debug|ARM.ActiveCfg = Debug|Any CPU
		{86124AC2-DCF7-4BBA-A303-93147CF1FA87}.Debug|ARM.Build.0 = Debug|Any CPU
		{86124AC2-DCF7-4BBA-A303-93147CF1FA87}.Debug|iPhone.ActiveCfg = Debug|Any CPU
		{86124AC2-DCF7-4BBA-A303-93147CF1FA87}.Debug|iPhone.Build.0 = Debug|Any CPU
		{86124AC2-DCF7-4BBA-A303-93147CF1FA87}.Debug|iPhoneSimulator.ActiveCfg = Debug|Any CPU
		{86124AC2-DCF7-4BBA-A303-93147CF1FA87}.Debug|iPhoneSimulator.Build.0 = Debug|Any CPU
		{86124AC2-DCF7-4BBA-A303-93147CF1FA87}.Debug|x64.ActiveCfg = Debug|Any CPU
		{86124AC2-DCF7-4BBA-A303-93147CF1FA87}.Debug|x64.Build.0 = Debug|Any CPU
		{86124AC2-DCF7-4BBA-A303-93147CF1FA87}.Debug|x86.ActiveCfg = Debug|Any CPU
		{86124AC2-DCF7-4BBA-A303-93147CF1FA87}.Debug|x86.Build.0 = Debug|Any CPU
		{86124AC2-DCF7-4BBA-A303-93147CF1FA87}.Release|Any CPU.ActiveCfg = Release|Any CPU
		{86124AC2-DCF7-4BBA-A303-93147CF1FA87}.Release|Any CPU.Build.0 = Release|Any CPU
		{86124AC2-DCF7-4BBA-A303-93147CF1FA87}.Release|ARM.ActiveCfg = Release|Any CPU
		{86124AC2-DCF7-4BBA-A303-93147CF1FA87}.Release|ARM.Build.0 = Release|Any CPU
		{86124AC2-DCF7-4BBA-A303-93147CF1FA87}.Release|iPhone.ActiveCfg = Release|Any CPU
		{86124AC2-DCF7-4BBA-A303-93147CF1FA87}.Release|iPhone.Build.0 = Release|Any CPU
		{86124AC2-DCF7-4BBA-A303-93147CF1FA87}.Release|iPhoneSimulator.ActiveCfg = Release|Any CPU
		{86124AC2-DCF7-4BBA-A303-93147CF1FA87}.Release|iPhoneSimulator.Build.0 = Release|Any CPU
		{86124AC2-DCF7-4BBA-A303-93147CF1FA87}.Release|x64.ActiveCfg = Release|Any CPU
		{86124AC2-DCF7-4BBA-A303-93147CF1FA87}.Release|x64.Build.0 = Release|Any CPU
		{86124AC2-DCF7-4BBA-A303-93147CF1FA87}.Release|x86.ActiveCfg = Release|Any CPU
		{86124AC2-DCF7-4BBA-A303-93147CF1FA87}.Release|x86.Build.0 = Release|Any CPU
		{A02E864B-6EA9-4D75-8B69-45D6D12FC2DF}.Ad-Hoc|Any CPU.ActiveCfg = Release|Any CPU
		{A02E864B-6EA9-4D75-8B69-45D6D12FC2DF}.Ad-Hoc|Any CPU.Build.0 = Release|Any CPU
		{A02E864B-6EA9-4D75-8B69-45D6D12FC2DF}.Ad-Hoc|ARM.ActiveCfg = Release|Any CPU
		{A02E864B-6EA9-4D75-8B69-45D6D12FC2DF}.Ad-Hoc|ARM.Build.0 = Release|Any CPU
		{A02E864B-6EA9-4D75-8B69-45D6D12FC2DF}.Ad-Hoc|iPhone.ActiveCfg = Release|Any CPU
		{A02E864B-6EA9-4D75-8B69-45D6D12FC2DF}.Ad-Hoc|iPhone.Build.0 = Release|Any CPU
		{A02E864B-6EA9-4D75-8B69-45D6D12FC2DF}.Ad-Hoc|iPhoneSimulator.ActiveCfg = Release|Any CPU
		{A02E864B-6EA9-4D75-8B69-45D6D12FC2DF}.Ad-Hoc|iPhoneSimulator.Build.0 = Release|Any CPU
		{A02E864B-6EA9-4D75-8B69-45D6D12FC2DF}.Ad-Hoc|x64.ActiveCfg = Release|Any CPU
		{A02E864B-6EA9-4D75-8B69-45D6D12FC2DF}.Ad-Hoc|x64.Build.0 = Release|Any CPU
		{A02E864B-6EA9-4D75-8B69-45D6D12FC2DF}.Ad-Hoc|x86.ActiveCfg = Release|Any CPU
		{A02E864B-6EA9-4D75-8B69-45D6D12FC2DF}.Ad-Hoc|x86.Build.0 = Release|Any CPU
		{A02E864B-6EA9-4D75-8B69-45D6D12FC2DF}.AppStore|Any CPU.ActiveCfg = Release|Any CPU
		{A02E864B-6EA9-4D75-8B69-45D6D12FC2DF}.AppStore|Any CPU.Build.0 = Release|Any CPU
		{A02E864B-6EA9-4D75-8B69-45D6D12FC2DF}.AppStore|ARM.ActiveCfg = Release|Any CPU
		{A02E864B-6EA9-4D75-8B69-45D6D12FC2DF}.AppStore|ARM.Build.0 = Release|Any CPU
		{A02E864B-6EA9-4D75-8B69-45D6D12FC2DF}.AppStore|iPhone.ActiveCfg = Release|Any CPU
		{A02E864B-6EA9-4D75-8B69-45D6D12FC2DF}.AppStore|iPhone.Build.0 = Release|Any CPU
		{A02E864B-6EA9-4D75-8B69-45D6D12FC2DF}.AppStore|iPhoneSimulator.ActiveCfg = Release|Any CPU
		{A02E864B-6EA9-4D75-8B69-45D6D12FC2DF}.AppStore|iPhoneSimulator.Build.0 = Release|Any CPU
		{A02E864B-6EA9-4D75-8B69-45D6D12FC2DF}.AppStore|x64.ActiveCfg = Release|Any CPU
		{A02E864B-6EA9-4D75-8B69-45D6D12FC2DF}.AppStore|x64.Build.0 = Release|Any CPU
		{A02E864B-6EA9-4D75-8B69-45D6D12FC2DF}.AppStore|x86.ActiveCfg = Release|Any CPU
		{A02E864B-6EA9-4D75-8B69-45D6D12FC2DF}.AppStore|x86.Build.0 = Release|Any CPU
		{A02E864B-6EA9-4D75-8B69-45D6D12FC2DF}.Debug|Any CPU.ActiveCfg = Debug|Any CPU
		{A02E864B-6EA9-4D75-8B69-45D6D12FC2DF}.Debug|Any CPU.Build.0 = Debug|Any CPU
		{A02E864B-6EA9-4D75-8B69-45D6D12FC2DF}.Debug|ARM.ActiveCfg = Debug|Any CPU
		{A02E864B-6EA9-4D75-8B69-45D6D12FC2DF}.Debug|ARM.Build.0 = Debug|Any CPU
		{A02E864B-6EA9-4D75-8B69-45D6D12FC2DF}.Debug|iPhone.ActiveCfg = Debug|Any CPU
		{A02E864B-6EA9-4D75-8B69-45D6D12FC2DF}.Debug|iPhone.Build.0 = Debug|Any CPU
		{A02E864B-6EA9-4D75-8B69-45D6D12FC2DF}.Debug|iPhoneSimulator.ActiveCfg = Debug|Any CPU
		{A02E864B-6EA9-4D75-8B69-45D6D12FC2DF}.Debug|iPhoneSimulator.Build.0 = Debug|Any CPU
		{A02E864B-6EA9-4D75-8B69-45D6D12FC2DF}.Debug|x64.ActiveCfg = Debug|Any CPU
		{A02E864B-6EA9-4D75-8B69-45D6D12FC2DF}.Debug|x64.Build.0 = Debug|Any CPU
		{A02E864B-6EA9-4D75-8B69-45D6D12FC2DF}.Debug|x86.ActiveCfg = Debug|Any CPU
		{A02E864B-6EA9-4D75-8B69-45D6D12FC2DF}.Debug|x86.Build.0 = Debug|Any CPU
		{A02E864B-6EA9-4D75-8B69-45D6D12FC2DF}.Release|Any CPU.ActiveCfg = Release|Any CPU
		{A02E864B-6EA9-4D75-8B69-45D6D12FC2DF}.Release|Any CPU.Build.0 = Release|Any CPU
		{A02E864B-6EA9-4D75-8B69-45D6D12FC2DF}.Release|ARM.ActiveCfg = Release|Any CPU
		{A02E864B-6EA9-4D75-8B69-45D6D12FC2DF}.Release|ARM.Build.0 = Release|Any CPU
		{A02E864B-6EA9-4D75-8B69-45D6D12FC2DF}.Release|iPhone.ActiveCfg = Release|Any CPU
		{A02E864B-6EA9-4D75-8B69-45D6D12FC2DF}.Release|iPhone.Build.0 = Release|Any CPU
		{A02E864B-6EA9-4D75-8B69-45D6D12FC2DF}.Release|iPhoneSimulator.ActiveCfg = Release|Any CPU
		{A02E864B-6EA9-4D75-8B69-45D6D12FC2DF}.Release|iPhoneSimulator.Build.0 = Release|Any CPU
		{A02E864B-6EA9-4D75-8B69-45D6D12FC2DF}.Release|x64.ActiveCfg = Release|Any CPU
		{A02E864B-6EA9-4D75-8B69-45D6D12FC2DF}.Release|x64.Build.0 = Release|Any CPU
		{A02E864B-6EA9-4D75-8B69-45D6D12FC2DF}.Release|x86.ActiveCfg = Release|Any CPU
		{A02E864B-6EA9-4D75-8B69-45D6D12FC2DF}.Release|x86.Build.0 = Release|Any CPU
		{4C3A1356-7AB2-4AED-BD57-03311D0B2AF4}.Ad-Hoc|Any CPU.ActiveCfg = Release|Any CPU
		{4C3A1356-7AB2-4AED-BD57-03311D0B2AF4}.Ad-Hoc|Any CPU.Build.0 = Release|Any CPU
		{4C3A1356-7AB2-4AED-BD57-03311D0B2AF4}.Ad-Hoc|ARM.ActiveCfg = Release|Any CPU
		{4C3A1356-7AB2-4AED-BD57-03311D0B2AF4}.Ad-Hoc|ARM.Build.0 = Release|Any CPU
		{4C3A1356-7AB2-4AED-BD57-03311D0B2AF4}.Ad-Hoc|iPhone.ActiveCfg = Release|Any CPU
		{4C3A1356-7AB2-4AED-BD57-03311D0B2AF4}.Ad-Hoc|iPhone.Build.0 = Release|Any CPU
		{4C3A1356-7AB2-4AED-BD57-03311D0B2AF4}.Ad-Hoc|iPhoneSimulator.ActiveCfg = Release|Any CPU
		{4C3A1356-7AB2-4AED-BD57-03311D0B2AF4}.Ad-Hoc|iPhoneSimulator.Build.0 = Release|Any CPU
		{4C3A1356-7AB2-4AED-BD57-03311D0B2AF4}.Ad-Hoc|x64.ActiveCfg = Release|Any CPU
		{4C3A1356-7AB2-4AED-BD57-03311D0B2AF4}.Ad-Hoc|x64.Build.0 = Release|Any CPU
		{4C3A1356-7AB2-4AED-BD57-03311D0B2AF4}.Ad-Hoc|x86.ActiveCfg = Release|Any CPU
		{4C3A1356-7AB2-4AED-BD57-03311D0B2AF4}.Ad-Hoc|x86.Build.0 = Release|Any CPU
		{4C3A1356-7AB2-4AED-BD57-03311D0B2AF4}.AppStore|Any CPU.ActiveCfg = Release|Any CPU
		{4C3A1356-7AB2-4AED-BD57-03311D0B2AF4}.AppStore|Any CPU.Build.0 = Release|Any CPU
		{4C3A1356-7AB2-4AED-BD57-03311D0B2AF4}.AppStore|ARM.ActiveCfg = Release|Any CPU
		{4C3A1356-7AB2-4AED-BD57-03311D0B2AF4}.AppStore|ARM.Build.0 = Release|Any CPU
		{4C3A1356-7AB2-4AED-BD57-03311D0B2AF4}.AppStore|iPhone.ActiveCfg = Release|Any CPU
		{4C3A1356-7AB2-4AED-BD57-03311D0B2AF4}.AppStore|iPhone.Build.0 = Release|Any CPU
		{4C3A1356-7AB2-4AED-BD57-03311D0B2AF4}.AppStore|iPhoneSimulator.ActiveCfg = Release|Any CPU
		{4C3A1356-7AB2-4AED-BD57-03311D0B2AF4}.AppStore|iPhoneSimulator.Build.0 = Release|Any CPU
		{4C3A1356-7AB2-4AED-BD57-03311D0B2AF4}.AppStore|x64.ActiveCfg = Release|Any CPU
		{4C3A1356-7AB2-4AED-BD57-03311D0B2AF4}.AppStore|x64.Build.0 = Release|Any CPU
		{4C3A1356-7AB2-4AED-BD57-03311D0B2AF4}.AppStore|x86.ActiveCfg = Release|Any CPU
		{4C3A1356-7AB2-4AED-BD57-03311D0B2AF4}.AppStore|x86.Build.0 = Release|Any CPU
		{4C3A1356-7AB2-4AED-BD57-03311D0B2AF4}.Debug|Any CPU.ActiveCfg = Debug|Any CPU
		{4C3A1356-7AB2-4AED-BD57-03311D0B2AF4}.Debug|Any CPU.Build.0 = Debug|Any CPU
		{4C3A1356-7AB2-4AED-BD57-03311D0B2AF4}.Debug|ARM.ActiveCfg = Debug|Any CPU
		{4C3A1356-7AB2-4AED-BD57-03311D0B2AF4}.Debug|ARM.Build.0 = Debug|Any CPU
		{4C3A1356-7AB2-4AED-BD57-03311D0B2AF4}.Debug|iPhone.ActiveCfg = Debug|Any CPU
		{4C3A1356-7AB2-4AED-BD57-03311D0B2AF4}.Debug|iPhone.Build.0 = Debug|Any CPU
		{4C3A1356-7AB2-4AED-BD57-03311D0B2AF4}.Debug|iPhoneSimulator.ActiveCfg = Debug|Any CPU
		{4C3A1356-7AB2-4AED-BD57-03311D0B2AF4}.Debug|iPhoneSimulator.Build.0 = Debug|Any CPU
		{4C3A1356-7AB2-4AED-BD57-03311D0B2AF4}.Debug|x64.ActiveCfg = Debug|Any CPU
		{4C3A1356-7AB2-4AED-BD57-03311D0B2AF4}.Debug|x64.Build.0 = Debug|Any CPU
		{4C3A1356-7AB2-4AED-BD57-03311D0B2AF4}.Debug|x86.ActiveCfg = Debug|Any CPU
		{4C3A1356-7AB2-4AED-BD57-03311D0B2AF4}.Debug|x86.Build.0 = Debug|Any CPU
		{4C3A1356-7AB2-4AED-BD57-03311D0B2AF4}.Release|Any CPU.ActiveCfg = Release|Any CPU
		{4C3A1356-7AB2-4AED-BD57-03311D0B2AF4}.Release|Any CPU.Build.0 = Release|Any CPU
		{4C3A1356-7AB2-4AED-BD57-03311D0B2AF4}.Release|ARM.ActiveCfg = Release|Any CPU
		{4C3A1356-7AB2-4AED-BD57-03311D0B2AF4}.Release|ARM.Build.0 = Release|Any CPU
		{4C3A1356-7AB2-4AED-BD57-03311D0B2AF4}.Release|iPhone.ActiveCfg = Release|Any CPU
		{4C3A1356-7AB2-4AED-BD57-03311D0B2AF4}.Release|iPhone.Build.0 = Release|Any CPU
		{4C3A1356-7AB2-4AED-BD57-03311D0B2AF4}.Release|iPhoneSimulator.ActiveCfg = Release|Any CPU
		{4C3A1356-7AB2-4AED-BD57-03311D0B2AF4}.Release|iPhoneSimulator.Build.0 = Release|Any CPU
		{4C3A1356-7AB2-4AED-BD57-03311D0B2AF4}.Release|x64.ActiveCfg = Release|Any CPU
		{4C3A1356-7AB2-4AED-BD57-03311D0B2AF4}.Release|x64.Build.0 = Release|Any CPU
		{4C3A1356-7AB2-4AED-BD57-03311D0B2AF4}.Release|x86.ActiveCfg = Release|Any CPU
		{4C3A1356-7AB2-4AED-BD57-03311D0B2AF4}.Release|x86.Build.0 = Release|Any CPU
		{35E63F5B-7628-46FA-B240-A9D97DE6929B}.Ad-Hoc|Any CPU.ActiveCfg = Release|iPhoneSimulator
		{35E63F5B-7628-46FA-B240-A9D97DE6929B}.Ad-Hoc|ARM.ActiveCfg = Release|iPhoneSimulator
		{35E63F5B-7628-46FA-B240-A9D97DE6929B}.Ad-Hoc|iPhone.ActiveCfg = Release|iPhone
		{35E63F5B-7628-46FA-B240-A9D97DE6929B}.Ad-Hoc|iPhoneSimulator.ActiveCfg = Release|iPhoneSimulator
		{35E63F5B-7628-46FA-B240-A9D97DE6929B}.Ad-Hoc|x64.ActiveCfg = Release|iPhoneSimulator
		{35E63F5B-7628-46FA-B240-A9D97DE6929B}.Ad-Hoc|x86.ActiveCfg = Release|iPhoneSimulator
		{35E63F5B-7628-46FA-B240-A9D97DE6929B}.AppStore|Any CPU.ActiveCfg = Release|iPhoneSimulator
		{35E63F5B-7628-46FA-B240-A9D97DE6929B}.AppStore|ARM.ActiveCfg = Release|iPhoneSimulator
		{35E63F5B-7628-46FA-B240-A9D97DE6929B}.AppStore|iPhone.ActiveCfg = Release|iPhone
		{35E63F5B-7628-46FA-B240-A9D97DE6929B}.AppStore|iPhoneSimulator.ActiveCfg = Release|iPhoneSimulator
		{35E63F5B-7628-46FA-B240-A9D97DE6929B}.AppStore|x64.ActiveCfg = Release|iPhoneSimulator
		{35E63F5B-7628-46FA-B240-A9D97DE6929B}.AppStore|x86.ActiveCfg = Release|iPhoneSimulator
		{35E63F5B-7628-46FA-B240-A9D97DE6929B}.Debug|Any CPU.ActiveCfg = Debug|iPhoneSimulator
		{35E63F5B-7628-46FA-B240-A9D97DE6929B}.Debug|Any CPU.Build.0 = Debug|iPhoneSimulator
		{35E63F5B-7628-46FA-B240-A9D97DE6929B}.Debug|ARM.ActiveCfg = Debug|iPhone
		{35E63F5B-7628-46FA-B240-A9D97DE6929B}.Debug|iPhone.ActiveCfg = Debug|iPhone
		{35E63F5B-7628-46FA-B240-A9D97DE6929B}.Debug|iPhone.Build.0 = Debug|iPhone
		{35E63F5B-7628-46FA-B240-A9D97DE6929B}.Debug|iPhoneSimulator.ActiveCfg = Debug|iPhoneSimulator
		{35E63F5B-7628-46FA-B240-A9D97DE6929B}.Debug|iPhoneSimulator.Build.0 = Debug|iPhoneSimulator
		{35E63F5B-7628-46FA-B240-A9D97DE6929B}.Debug|x64.ActiveCfg = Debug|iPhone
		{35E63F5B-7628-46FA-B240-A9D97DE6929B}.Debug|x86.ActiveCfg = Debug|iPhone
		{35E63F5B-7628-46FA-B240-A9D97DE6929B}.Release|Any CPU.ActiveCfg = Release|iPhone
		{35E63F5B-7628-46FA-B240-A9D97DE6929B}.Release|Any CPU.Build.0 = Release|iPhone
		{35E63F5B-7628-46FA-B240-A9D97DE6929B}.Release|ARM.ActiveCfg = Release|iPhoneSimulator
		{35E63F5B-7628-46FA-B240-A9D97DE6929B}.Release|iPhone.ActiveCfg = Release|iPhone
		{35E63F5B-7628-46FA-B240-A9D97DE6929B}.Release|iPhone.Build.0 = Release|iPhone
		{35E63F5B-7628-46FA-B240-A9D97DE6929B}.Release|iPhoneSimulator.ActiveCfg = Release|iPhoneSimulator
		{35E63F5B-7628-46FA-B240-A9D97DE6929B}.Release|iPhoneSimulator.Build.0 = Release|iPhoneSimulator
		{35E63F5B-7628-46FA-B240-A9D97DE6929B}.Release|x64.ActiveCfg = Release|iPhoneSimulator
		{35E63F5B-7628-46FA-B240-A9D97DE6929B}.Release|x86.ActiveCfg = Release|iPhoneSimulator
		{D67D4ECF-C31E-429A-AA2E-3DA8158584D5}.Ad-Hoc|Any CPU.ActiveCfg = Release|Any CPU
		{D67D4ECF-C31E-429A-AA2E-3DA8158584D5}.Ad-Hoc|Any CPU.Build.0 = Release|Any CPU
		{D67D4ECF-C31E-429A-AA2E-3DA8158584D5}.Ad-Hoc|Any CPU.Deploy.0 = Release|Any CPU
		{D67D4ECF-C31E-429A-AA2E-3DA8158584D5}.Ad-Hoc|ARM.ActiveCfg = Release|Any CPU
		{D67D4ECF-C31E-429A-AA2E-3DA8158584D5}.Ad-Hoc|ARM.Build.0 = Release|Any CPU
		{D67D4ECF-C31E-429A-AA2E-3DA8158584D5}.Ad-Hoc|ARM.Deploy.0 = Release|Any CPU
		{D67D4ECF-C31E-429A-AA2E-3DA8158584D5}.Ad-Hoc|iPhone.ActiveCfg = Release|Any CPU
		{D67D4ECF-C31E-429A-AA2E-3DA8158584D5}.Ad-Hoc|iPhone.Build.0 = Release|Any CPU
		{D67D4ECF-C31E-429A-AA2E-3DA8158584D5}.Ad-Hoc|iPhone.Deploy.0 = Release|Any CPU
		{D67D4ECF-C31E-429A-AA2E-3DA8158584D5}.Ad-Hoc|iPhoneSimulator.ActiveCfg = Release|Any CPU
		{D67D4ECF-C31E-429A-AA2E-3DA8158584D5}.Ad-Hoc|iPhoneSimulator.Build.0 = Release|Any CPU
		{D67D4ECF-C31E-429A-AA2E-3DA8158584D5}.Ad-Hoc|iPhoneSimulator.Deploy.0 = Release|Any CPU
		{D67D4ECF-C31E-429A-AA2E-3DA8158584D5}.Ad-Hoc|x64.ActiveCfg = Release|Any CPU
		{D67D4ECF-C31E-429A-AA2E-3DA8158584D5}.Ad-Hoc|x64.Build.0 = Release|Any CPU
		{D67D4ECF-C31E-429A-AA2E-3DA8158584D5}.Ad-Hoc|x64.Deploy.0 = Release|Any CPU
		{D67D4ECF-C31E-429A-AA2E-3DA8158584D5}.Ad-Hoc|x86.ActiveCfg = Release|Any CPU
		{D67D4ECF-C31E-429A-AA2E-3DA8158584D5}.Ad-Hoc|x86.Build.0 = Release|Any CPU
		{D67D4ECF-C31E-429A-AA2E-3DA8158584D5}.Ad-Hoc|x86.Deploy.0 = Release|Any CPU
		{D67D4ECF-C31E-429A-AA2E-3DA8158584D5}.AppStore|Any CPU.ActiveCfg = Release|Any CPU
		{D67D4ECF-C31E-429A-AA2E-3DA8158584D5}.AppStore|Any CPU.Build.0 = Release|Any CPU
		{D67D4ECF-C31E-429A-AA2E-3DA8158584D5}.AppStore|Any CPU.Deploy.0 = Release|Any CPU
		{D67D4ECF-C31E-429A-AA2E-3DA8158584D5}.AppStore|ARM.ActiveCfg = Release|Any CPU
		{D67D4ECF-C31E-429A-AA2E-3DA8158584D5}.AppStore|ARM.Build.0 = Release|Any CPU
		{D67D4ECF-C31E-429A-AA2E-3DA8158584D5}.AppStore|ARM.Deploy.0 = Release|Any CPU
		{D67D4ECF-C31E-429A-AA2E-3DA8158584D5}.AppStore|iPhone.ActiveCfg = Release|Any CPU
		{D67D4ECF-C31E-429A-AA2E-3DA8158584D5}.AppStore|iPhone.Build.0 = Release|Any CPU
		{D67D4ECF-C31E-429A-AA2E-3DA8158584D5}.AppStore|iPhone.Deploy.0 = Release|Any CPU
		{D67D4ECF-C31E-429A-AA2E-3DA8158584D5}.AppStore|iPhoneSimulator.ActiveCfg = Release|Any CPU
		{D67D4ECF-C31E-429A-AA2E-3DA8158584D5}.AppStore|iPhoneSimulator.Build.0 = Release|Any CPU
		{D67D4ECF-C31E-429A-AA2E-3DA8158584D5}.AppStore|iPhoneSimulator.Deploy.0 = Release|Any CPU
		{D67D4ECF-C31E-429A-AA2E-3DA8158584D5}.AppStore|x64.ActiveCfg = Release|Any CPU
		{D67D4ECF-C31E-429A-AA2E-3DA8158584D5}.AppStore|x64.Build.0 = Release|Any CPU
		{D67D4ECF-C31E-429A-AA2E-3DA8158584D5}.AppStore|x64.Deploy.0 = Release|Any CPU
		{D67D4ECF-C31E-429A-AA2E-3DA8158584D5}.AppStore|x86.ActiveCfg = Release|Any CPU
		{D67D4ECF-C31E-429A-AA2E-3DA8158584D5}.AppStore|x86.Build.0 = Release|Any CPU
		{D67D4ECF-C31E-429A-AA2E-3DA8158584D5}.AppStore|x86.Deploy.0 = Release|Any CPU
		{D67D4ECF-C31E-429A-AA2E-3DA8158584D5}.Debug|Any CPU.ActiveCfg = Debug|Any CPU
		{D67D4ECF-C31E-429A-AA2E-3DA8158584D5}.Debug|Any CPU.Build.0 = Debug|Any CPU
		{D67D4ECF-C31E-429A-AA2E-3DA8158584D5}.Debug|ARM.ActiveCfg = Debug|Any CPU
		{D67D4ECF-C31E-429A-AA2E-3DA8158584D5}.Debug|ARM.Build.0 = Debug|Any CPU
		{D67D4ECF-C31E-429A-AA2E-3DA8158584D5}.Debug|ARM.Deploy.0 = Debug|Any CPU
		{D67D4ECF-C31E-429A-AA2E-3DA8158584D5}.Debug|iPhone.ActiveCfg = Debug|Any CPU
		{D67D4ECF-C31E-429A-AA2E-3DA8158584D5}.Debug|iPhone.Build.0 = Debug|Any CPU
		{D67D4ECF-C31E-429A-AA2E-3DA8158584D5}.Debug|iPhoneSimulator.ActiveCfg = Debug|Any CPU
		{D67D4ECF-C31E-429A-AA2E-3DA8158584D5}.Debug|iPhoneSimulator.Build.0 = Debug|Any CPU
		{D67D4ECF-C31E-429A-AA2E-3DA8158584D5}.Debug|x64.ActiveCfg = Debug|Any CPU
		{D67D4ECF-C31E-429A-AA2E-3DA8158584D5}.Debug|x64.Build.0 = Debug|Any CPU
		{D67D4ECF-C31E-429A-AA2E-3DA8158584D5}.Debug|x64.Deploy.0 = Debug|Any CPU
		{D67D4ECF-C31E-429A-AA2E-3DA8158584D5}.Debug|x86.ActiveCfg = Debug|Any CPU
		{D67D4ECF-C31E-429A-AA2E-3DA8158584D5}.Debug|x86.Build.0 = Debug|Any CPU
		{D67D4ECF-C31E-429A-AA2E-3DA8158584D5}.Debug|x86.Deploy.0 = Debug|Any CPU
		{D67D4ECF-C31E-429A-AA2E-3DA8158584D5}.Release|Any CPU.ActiveCfg = Release|Any CPU
		{D67D4ECF-C31E-429A-AA2E-3DA8158584D5}.Release|Any CPU.Build.0 = Release|Any CPU
		{D67D4ECF-C31E-429A-AA2E-3DA8158584D5}.Release|ARM.ActiveCfg = Release|Any CPU
		{D67D4ECF-C31E-429A-AA2E-3DA8158584D5}.Release|ARM.Build.0 = Release|Any CPU
		{D67D4ECF-C31E-429A-AA2E-3DA8158584D5}.Release|ARM.Deploy.0 = Release|Any CPU
		{D67D4ECF-C31E-429A-AA2E-3DA8158584D5}.Release|iPhone.ActiveCfg = Release|Any CPU
		{D67D4ECF-C31E-429A-AA2E-3DA8158584D5}.Release|iPhone.Build.0 = Release|Any CPU
		{D67D4ECF-C31E-429A-AA2E-3DA8158584D5}.Release|iPhoneSimulator.ActiveCfg = Release|Any CPU
		{D67D4ECF-C31E-429A-AA2E-3DA8158584D5}.Release|iPhoneSimulator.Build.0 = Release|Any CPU
		{D67D4ECF-C31E-429A-AA2E-3DA8158584D5}.Release|x64.ActiveCfg = Release|Any CPU
		{D67D4ECF-C31E-429A-AA2E-3DA8158584D5}.Release|x64.Build.0 = Release|Any CPU
		{D67D4ECF-C31E-429A-AA2E-3DA8158584D5}.Release|x64.Deploy.0 = Release|Any CPU
		{D67D4ECF-C31E-429A-AA2E-3DA8158584D5}.Release|x86.ActiveCfg = Release|Any CPU
		{D67D4ECF-C31E-429A-AA2E-3DA8158584D5}.Release|x86.Build.0 = Release|Any CPU
		{D67D4ECF-C31E-429A-AA2E-3DA8158584D5}.Release|x86.Deploy.0 = Release|Any CPU
		{8AF44EA8-C3DA-459C-A5CB-DED2A5DA500A}.Ad-Hoc|Any CPU.ActiveCfg = Release|Any CPU
		{8AF44EA8-C3DA-459C-A5CB-DED2A5DA500A}.Ad-Hoc|Any CPU.Build.0 = Release|Any CPU
		{8AF44EA8-C3DA-459C-A5CB-DED2A5DA500A}.Ad-Hoc|ARM.ActiveCfg = Release|Any CPU
		{8AF44EA8-C3DA-459C-A5CB-DED2A5DA500A}.Ad-Hoc|ARM.Build.0 = Release|Any CPU
		{8AF44EA8-C3DA-459C-A5CB-DED2A5DA500A}.Ad-Hoc|iPhone.ActiveCfg = Release|Any CPU
		{8AF44EA8-C3DA-459C-A5CB-DED2A5DA500A}.Ad-Hoc|iPhone.Build.0 = Release|Any CPU
		{8AF44EA8-C3DA-459C-A5CB-DED2A5DA500A}.Ad-Hoc|iPhoneSimulator.ActiveCfg = Release|Any CPU
		{8AF44EA8-C3DA-459C-A5CB-DED2A5DA500A}.Ad-Hoc|iPhoneSimulator.Build.0 = Release|Any CPU
		{8AF44EA8-C3DA-459C-A5CB-DED2A5DA500A}.Ad-Hoc|x64.ActiveCfg = Release|Any CPU
		{8AF44EA8-C3DA-459C-A5CB-DED2A5DA500A}.Ad-Hoc|x64.Build.0 = Release|Any CPU
		{8AF44EA8-C3DA-459C-A5CB-DED2A5DA500A}.Ad-Hoc|x86.ActiveCfg = Release|Any CPU
		{8AF44EA8-C3DA-459C-A5CB-DED2A5DA500A}.Ad-Hoc|x86.Build.0 = Release|Any CPU
		{8AF44EA8-C3DA-459C-A5CB-DED2A5DA500A}.AppStore|Any CPU.ActiveCfg = Release|Any CPU
		{8AF44EA8-C3DA-459C-A5CB-DED2A5DA500A}.AppStore|Any CPU.Build.0 = Release|Any CPU
		{8AF44EA8-C3DA-459C-A5CB-DED2A5DA500A}.AppStore|ARM.ActiveCfg = Release|Any CPU
		{8AF44EA8-C3DA-459C-A5CB-DED2A5DA500A}.AppStore|ARM.Build.0 = Release|Any CPU
		{8AF44EA8-C3DA-459C-A5CB-DED2A5DA500A}.AppStore|iPhone.ActiveCfg = Release|Any CPU
		{8AF44EA8-C3DA-459C-A5CB-DED2A5DA500A}.AppStore|iPhone.Build.0 = Release|Any CPU
		{8AF44EA8-C3DA-459C-A5CB-DED2A5DA500A}.AppStore|iPhoneSimulator.ActiveCfg = Release|Any CPU
		{8AF44EA8-C3DA-459C-A5CB-DED2A5DA500A}.AppStore|iPhoneSimulator.Build.0 = Release|Any CPU
		{8AF44EA8-C3DA-459C-A5CB-DED2A5DA500A}.AppStore|x64.ActiveCfg = Release|Any CPU
		{8AF44EA8-C3DA-459C-A5CB-DED2A5DA500A}.AppStore|x64.Build.0 = Release|Any CPU
		{8AF44EA8-C3DA-459C-A5CB-DED2A5DA500A}.AppStore|x86.ActiveCfg = Release|Any CPU
		{8AF44EA8-C3DA-459C-A5CB-DED2A5DA500A}.AppStore|x86.Build.0 = Release|Any CPU
		{8AF44EA8-C3DA-459C-A5CB-DED2A5DA500A}.Debug|Any CPU.ActiveCfg = Debug|Any CPU
		{8AF44EA8-C3DA-459C-A5CB-DED2A5DA500A}.Debug|Any CPU.Build.0 = Debug|Any CPU
		{8AF44EA8-C3DA-459C-A5CB-DED2A5DA500A}.Debug|ARM.ActiveCfg = Debug|Any CPU
		{8AF44EA8-C3DA-459C-A5CB-DED2A5DA500A}.Debug|ARM.Build.0 = Debug|Any CPU
		{8AF44EA8-C3DA-459C-A5CB-DED2A5DA500A}.Debug|iPhone.ActiveCfg = Debug|Any CPU
		{8AF44EA8-C3DA-459C-A5CB-DED2A5DA500A}.Debug|iPhone.Build.0 = Debug|Any CPU
		{8AF44EA8-C3DA-459C-A5CB-DED2A5DA500A}.Debug|iPhoneSimulator.ActiveCfg = Debug|Any CPU
		{8AF44EA8-C3DA-459C-A5CB-DED2A5DA500A}.Debug|iPhoneSimulator.Build.0 = Debug|Any CPU
		{8AF44EA8-C3DA-459C-A5CB-DED2A5DA500A}.Debug|x64.ActiveCfg = Debug|Any CPU
		{8AF44EA8-C3DA-459C-A5CB-DED2A5DA500A}.Debug|x64.Build.0 = Debug|Any CPU
		{8AF44EA8-C3DA-459C-A5CB-DED2A5DA500A}.Debug|x86.ActiveCfg = Debug|Any CPU
		{8AF44EA8-C3DA-459C-A5CB-DED2A5DA500A}.Debug|x86.Build.0 = Debug|Any CPU
		{8AF44EA8-C3DA-459C-A5CB-DED2A5DA500A}.Release|Any CPU.ActiveCfg = Release|Any CPU
		{8AF44EA8-C3DA-459C-A5CB-DED2A5DA500A}.Release|Any CPU.Build.0 = Release|Any CPU
		{8AF44EA8-C3DA-459C-A5CB-DED2A5DA500A}.Release|ARM.ActiveCfg = Release|Any CPU
		{8AF44EA8-C3DA-459C-A5CB-DED2A5DA500A}.Release|ARM.Build.0 = Release|Any CPU
		{8AF44EA8-C3DA-459C-A5CB-DED2A5DA500A}.Release|iPhone.ActiveCfg = Release|Any CPU
		{8AF44EA8-C3DA-459C-A5CB-DED2A5DA500A}.Release|iPhone.Build.0 = Release|Any CPU
		{8AF44EA8-C3DA-459C-A5CB-DED2A5DA500A}.Release|iPhoneSimulator.ActiveCfg = Release|Any CPU
		{8AF44EA8-C3DA-459C-A5CB-DED2A5DA500A}.Release|iPhoneSimulator.Build.0 = Release|Any CPU
		{8AF44EA8-C3DA-459C-A5CB-DED2A5DA500A}.Release|x64.ActiveCfg = Release|Any CPU
		{8AF44EA8-C3DA-459C-A5CB-DED2A5DA500A}.Release|x64.Build.0 = Release|Any CPU
		{8AF44EA8-C3DA-459C-A5CB-DED2A5DA500A}.Release|x86.ActiveCfg = Release|Any CPU
		{8AF44EA8-C3DA-459C-A5CB-DED2A5DA500A}.Release|x86.Build.0 = Release|Any CPU
		{C2FFFFF2-1640-42EA-94AC-F01519038B93}.Ad-Hoc|Any CPU.ActiveCfg = Release|Any CPU
		{C2FFFFF2-1640-42EA-94AC-F01519038B93}.Ad-Hoc|Any CPU.Build.0 = Release|Any CPU
		{C2FFFFF2-1640-42EA-94AC-F01519038B93}.Ad-Hoc|Any CPU.Deploy.0 = Release|Any CPU
		{C2FFFFF2-1640-42EA-94AC-F01519038B93}.Ad-Hoc|ARM.ActiveCfg = Release|Any CPU
		{C2FFFFF2-1640-42EA-94AC-F01519038B93}.Ad-Hoc|ARM.Build.0 = Release|Any CPU
		{C2FFFFF2-1640-42EA-94AC-F01519038B93}.Ad-Hoc|ARM.Deploy.0 = Release|Any CPU
		{C2FFFFF2-1640-42EA-94AC-F01519038B93}.Ad-Hoc|iPhone.ActiveCfg = Release|Any CPU
		{C2FFFFF2-1640-42EA-94AC-F01519038B93}.Ad-Hoc|iPhone.Build.0 = Release|Any CPU
		{C2FFFFF2-1640-42EA-94AC-F01519038B93}.Ad-Hoc|iPhone.Deploy.0 = Release|Any CPU
		{C2FFFFF2-1640-42EA-94AC-F01519038B93}.Ad-Hoc|iPhoneSimulator.ActiveCfg = Release|Any CPU
		{C2FFFFF2-1640-42EA-94AC-F01519038B93}.Ad-Hoc|iPhoneSimulator.Build.0 = Release|Any CPU
		{C2FFFFF2-1640-42EA-94AC-F01519038B93}.Ad-Hoc|iPhoneSimulator.Deploy.0 = Release|Any CPU
		{C2FFFFF2-1640-42EA-94AC-F01519038B93}.Ad-Hoc|x64.ActiveCfg = Release|Any CPU
		{C2FFFFF2-1640-42EA-94AC-F01519038B93}.Ad-Hoc|x64.Build.0 = Release|Any CPU
		{C2FFFFF2-1640-42EA-94AC-F01519038B93}.Ad-Hoc|x64.Deploy.0 = Release|Any CPU
		{C2FFFFF2-1640-42EA-94AC-F01519038B93}.Ad-Hoc|x86.ActiveCfg = Release|Any CPU
		{C2FFFFF2-1640-42EA-94AC-F01519038B93}.Ad-Hoc|x86.Build.0 = Release|Any CPU
		{C2FFFFF2-1640-42EA-94AC-F01519038B93}.Ad-Hoc|x86.Deploy.0 = Release|Any CPU
		{C2FFFFF2-1640-42EA-94AC-F01519038B93}.AppStore|Any CPU.ActiveCfg = Release|Any CPU
		{C2FFFFF2-1640-42EA-94AC-F01519038B93}.AppStore|Any CPU.Build.0 = Release|Any CPU
		{C2FFFFF2-1640-42EA-94AC-F01519038B93}.AppStore|Any CPU.Deploy.0 = Release|Any CPU
		{C2FFFFF2-1640-42EA-94AC-F01519038B93}.AppStore|ARM.ActiveCfg = Release|Any CPU
		{C2FFFFF2-1640-42EA-94AC-F01519038B93}.AppStore|ARM.Build.0 = Release|Any CPU
		{C2FFFFF2-1640-42EA-94AC-F01519038B93}.AppStore|ARM.Deploy.0 = Release|Any CPU
		{C2FFFFF2-1640-42EA-94AC-F01519038B93}.AppStore|iPhone.ActiveCfg = Release|Any CPU
		{C2FFFFF2-1640-42EA-94AC-F01519038B93}.AppStore|iPhone.Build.0 = Release|Any CPU
		{C2FFFFF2-1640-42EA-94AC-F01519038B93}.AppStore|iPhone.Deploy.0 = Release|Any CPU
		{C2FFFFF2-1640-42EA-94AC-F01519038B93}.AppStore|iPhoneSimulator.ActiveCfg = Release|Any CPU
		{C2FFFFF2-1640-42EA-94AC-F01519038B93}.AppStore|iPhoneSimulator.Build.0 = Release|Any CPU
		{C2FFFFF2-1640-42EA-94AC-F01519038B93}.AppStore|iPhoneSimulator.Deploy.0 = Release|Any CPU
		{C2FFFFF2-1640-42EA-94AC-F01519038B93}.AppStore|x64.ActiveCfg = Release|Any CPU
		{C2FFFFF2-1640-42EA-94AC-F01519038B93}.AppStore|x64.Build.0 = Release|Any CPU
		{C2FFFFF2-1640-42EA-94AC-F01519038B93}.AppStore|x64.Deploy.0 = Release|Any CPU
		{C2FFFFF2-1640-42EA-94AC-F01519038B93}.AppStore|x86.ActiveCfg = Release|Any CPU
		{C2FFFFF2-1640-42EA-94AC-F01519038B93}.AppStore|x86.Build.0 = Release|Any CPU
		{C2FFFFF2-1640-42EA-94AC-F01519038B93}.AppStore|x86.Deploy.0 = Release|Any CPU
		{C2FFFFF2-1640-42EA-94AC-F01519038B93}.Debug|Any CPU.ActiveCfg = Debug|Any CPU
		{C2FFFFF2-1640-42EA-94AC-F01519038B93}.Debug|Any CPU.Build.0 = Debug|Any CPU
		{C2FFFFF2-1640-42EA-94AC-F01519038B93}.Debug|Any CPU.Deploy.0 = Debug|Any CPU
		{C2FFFFF2-1640-42EA-94AC-F01519038B93}.Debug|ARM.ActiveCfg = Debug|Any CPU
		{C2FFFFF2-1640-42EA-94AC-F01519038B93}.Debug|ARM.Build.0 = Debug|Any CPU
		{C2FFFFF2-1640-42EA-94AC-F01519038B93}.Debug|ARM.Deploy.0 = Debug|Any CPU
		{C2FFFFF2-1640-42EA-94AC-F01519038B93}.Debug|iPhone.ActiveCfg = Debug|Any CPU
		{C2FFFFF2-1640-42EA-94AC-F01519038B93}.Debug|iPhone.Build.0 = Debug|Any CPU
		{C2FFFFF2-1640-42EA-94AC-F01519038B93}.Debug|iPhone.Deploy.0 = Debug|Any CPU
		{C2FFFFF2-1640-42EA-94AC-F01519038B93}.Debug|iPhoneSimulator.ActiveCfg = Debug|Any CPU
		{C2FFFFF2-1640-42EA-94AC-F01519038B93}.Debug|iPhoneSimulator.Build.0 = Debug|Any CPU
		{C2FFFFF2-1640-42EA-94AC-F01519038B93}.Debug|iPhoneSimulator.Deploy.0 = Debug|Any CPU
		{C2FFFFF2-1640-42EA-94AC-F01519038B93}.Debug|x64.ActiveCfg = Debug|Any CPU
		{C2FFFFF2-1640-42EA-94AC-F01519038B93}.Debug|x64.Build.0 = Debug|Any CPU
		{C2FFFFF2-1640-42EA-94AC-F01519038B93}.Debug|x64.Deploy.0 = Debug|Any CPU
		{C2FFFFF2-1640-42EA-94AC-F01519038B93}.Debug|x86.ActiveCfg = Debug|Any CPU
		{C2FFFFF2-1640-42EA-94AC-F01519038B93}.Debug|x86.Build.0 = Debug|Any CPU
		{C2FFFFF2-1640-42EA-94AC-F01519038B93}.Debug|x86.Deploy.0 = Debug|Any CPU
		{C2FFFFF2-1640-42EA-94AC-F01519038B93}.Release|Any CPU.ActiveCfg = Release|Any CPU
		{C2FFFFF2-1640-42EA-94AC-F01519038B93}.Release|Any CPU.Build.0 = Release|Any CPU
		{C2FFFFF2-1640-42EA-94AC-F01519038B93}.Release|Any CPU.Deploy.0 = Release|Any CPU
		{C2FFFFF2-1640-42EA-94AC-F01519038B93}.Release|ARM.ActiveCfg = Release|Any CPU
		{C2FFFFF2-1640-42EA-94AC-F01519038B93}.Release|ARM.Build.0 = Release|Any CPU
		{C2FFFFF2-1640-42EA-94AC-F01519038B93}.Release|ARM.Deploy.0 = Release|Any CPU
		{C2FFFFF2-1640-42EA-94AC-F01519038B93}.Release|iPhone.ActiveCfg = Release|Any CPU
		{C2FFFFF2-1640-42EA-94AC-F01519038B93}.Release|iPhone.Build.0 = Release|Any CPU
		{C2FFFFF2-1640-42EA-94AC-F01519038B93}.Release|iPhone.Deploy.0 = Release|Any CPU
		{C2FFFFF2-1640-42EA-94AC-F01519038B93}.Release|iPhoneSimulator.ActiveCfg = Release|Any CPU
		{C2FFFFF2-1640-42EA-94AC-F01519038B93}.Release|iPhoneSimulator.Build.0 = Release|Any CPU
		{C2FFFFF2-1640-42EA-94AC-F01519038B93}.Release|iPhoneSimulator.Deploy.0 = Release|Any CPU
		{C2FFFFF2-1640-42EA-94AC-F01519038B93}.Release|x64.ActiveCfg = Release|Any CPU
		{C2FFFFF2-1640-42EA-94AC-F01519038B93}.Release|x64.Build.0 = Release|Any CPU
		{C2FFFFF2-1640-42EA-94AC-F01519038B93}.Release|x64.Deploy.0 = Release|Any CPU
		{C2FFFFF2-1640-42EA-94AC-F01519038B93}.Release|x86.ActiveCfg = Release|Any CPU
		{C2FFFFF2-1640-42EA-94AC-F01519038B93}.Release|x86.Build.0 = Release|Any CPU
		{C2FFFFF2-1640-42EA-94AC-F01519038B93}.Release|x86.Deploy.0 = Release|Any CPU
		{E3C53C66-2B72-4FAD-B368-A03C0044BBD7}.Ad-Hoc|Any CPU.ActiveCfg = Ad-Hoc|iPhone
		{E3C53C66-2B72-4FAD-B368-A03C0044BBD7}.Ad-Hoc|ARM.ActiveCfg = Ad-Hoc|iPhone
		{E3C53C66-2B72-4FAD-B368-A03C0044BBD7}.Ad-Hoc|iPhone.ActiveCfg = Ad-Hoc|iPhone
		{E3C53C66-2B72-4FAD-B368-A03C0044BBD7}.Ad-Hoc|iPhone.Build.0 = Ad-Hoc|iPhone
		{E3C53C66-2B72-4FAD-B368-A03C0044BBD7}.Ad-Hoc|iPhoneSimulator.ActiveCfg = Ad-Hoc|iPhoneSimulator
		{E3C53C66-2B72-4FAD-B368-A03C0044BBD7}.Ad-Hoc|iPhoneSimulator.Build.0 = Ad-Hoc|iPhoneSimulator
		{E3C53C66-2B72-4FAD-B368-A03C0044BBD7}.Ad-Hoc|x64.ActiveCfg = Ad-Hoc|iPhone
		{E3C53C66-2B72-4FAD-B368-A03C0044BBD7}.Ad-Hoc|x86.ActiveCfg = Ad-Hoc|iPhone
		{E3C53C66-2B72-4FAD-B368-A03C0044BBD7}.AppStore|Any CPU.ActiveCfg = AppStore|iPhone
		{E3C53C66-2B72-4FAD-B368-A03C0044BBD7}.AppStore|ARM.ActiveCfg = AppStore|iPhone
		{E3C53C66-2B72-4FAD-B368-A03C0044BBD7}.AppStore|iPhone.ActiveCfg = AppStore|iPhone
		{E3C53C66-2B72-4FAD-B368-A03C0044BBD7}.AppStore|iPhone.Build.0 = AppStore|iPhone
		{E3C53C66-2B72-4FAD-B368-A03C0044BBD7}.AppStore|iPhoneSimulator.ActiveCfg = AppStore|iPhoneSimulator
		{E3C53C66-2B72-4FAD-B368-A03C0044BBD7}.AppStore|iPhoneSimulator.Build.0 = AppStore|iPhoneSimulator
		{E3C53C66-2B72-4FAD-B368-A03C0044BBD7}.AppStore|x64.ActiveCfg = AppStore|iPhone
		{E3C53C66-2B72-4FAD-B368-A03C0044BBD7}.AppStore|x86.ActiveCfg = AppStore|iPhone
		{E3C53C66-2B72-4FAD-B368-A03C0044BBD7}.Debug|Any CPU.ActiveCfg = Debug|iPhone
		{E3C53C66-2B72-4FAD-B368-A03C0044BBD7}.Debug|ARM.ActiveCfg = Debug|iPhone
		{E3C53C66-2B72-4FAD-B368-A03C0044BBD7}.Debug|iPhone.ActiveCfg = Debug|iPhone
		{E3C53C66-2B72-4FAD-B368-A03C0044BBD7}.Debug|iPhone.Build.0 = Debug|iPhone
		{E3C53C66-2B72-4FAD-B368-A03C0044BBD7}.Debug|iPhoneSimulator.ActiveCfg = Debug|iPhoneSimulator
		{E3C53C66-2B72-4FAD-B368-A03C0044BBD7}.Debug|iPhoneSimulator.Build.0 = Debug|iPhoneSimulator
		{E3C53C66-2B72-4FAD-B368-A03C0044BBD7}.Debug|x64.ActiveCfg = Debug|iPhone
		{E3C53C66-2B72-4FAD-B368-A03C0044BBD7}.Debug|x86.ActiveCfg = Debug|iPhone
		{E3C53C66-2B72-4FAD-B368-A03C0044BBD7}.Release|Any CPU.ActiveCfg = Release|iPhone
		{E3C53C66-2B72-4FAD-B368-A03C0044BBD7}.Release|ARM.ActiveCfg = Release|iPhone
		{E3C53C66-2B72-4FAD-B368-A03C0044BBD7}.Release|iPhone.ActiveCfg = Release|iPhone
		{E3C53C66-2B72-4FAD-B368-A03C0044BBD7}.Release|iPhone.Build.0 = Release|iPhone
		{E3C53C66-2B72-4FAD-B368-A03C0044BBD7}.Release|iPhoneSimulator.ActiveCfg = Release|iPhoneSimulator
		{E3C53C66-2B72-4FAD-B368-A03C0044BBD7}.Release|iPhoneSimulator.Build.0 = Release|iPhoneSimulator
		{E3C53C66-2B72-4FAD-B368-A03C0044BBD7}.Release|x64.ActiveCfg = Release|iPhone
		{E3C53C66-2B72-4FAD-B368-A03C0044BBD7}.Release|x86.ActiveCfg = Release|iPhone
		{4BEF57B2-FDC8-451E-97ED-C53B0A419600}.Ad-Hoc|Any CPU.ActiveCfg = Release|Any CPU
		{4BEF57B2-FDC8-451E-97ED-C53B0A419600}.Ad-Hoc|Any CPU.Build.0 = Release|Any CPU
		{4BEF57B2-FDC8-451E-97ED-C53B0A419600}.Ad-Hoc|ARM.ActiveCfg = Release|Any CPU
		{4BEF57B2-FDC8-451E-97ED-C53B0A419600}.Ad-Hoc|ARM.Build.0 = Release|Any CPU
		{4BEF57B2-FDC8-451E-97ED-C53B0A419600}.Ad-Hoc|iPhone.ActiveCfg = Release|Any CPU
		{4BEF57B2-FDC8-451E-97ED-C53B0A419600}.Ad-Hoc|iPhone.Build.0 = Release|Any CPU
		{4BEF57B2-FDC8-451E-97ED-C53B0A419600}.Ad-Hoc|iPhoneSimulator.ActiveCfg = Release|Any CPU
		{4BEF57B2-FDC8-451E-97ED-C53B0A419600}.Ad-Hoc|iPhoneSimulator.Build.0 = Release|Any CPU
		{4BEF57B2-FDC8-451E-97ED-C53B0A419600}.Ad-Hoc|x64.ActiveCfg = Release|Any CPU
		{4BEF57B2-FDC8-451E-97ED-C53B0A419600}.Ad-Hoc|x64.Build.0 = Release|Any CPU
		{4BEF57B2-FDC8-451E-97ED-C53B0A419600}.Ad-Hoc|x86.ActiveCfg = Release|Any CPU
		{4BEF57B2-FDC8-451E-97ED-C53B0A419600}.Ad-Hoc|x86.Build.0 = Release|Any CPU
		{4BEF57B2-FDC8-451E-97ED-C53B0A419600}.AppStore|Any CPU.ActiveCfg = Release|Any CPU
		{4BEF57B2-FDC8-451E-97ED-C53B0A419600}.AppStore|Any CPU.Build.0 = Release|Any CPU
		{4BEF57B2-FDC8-451E-97ED-C53B0A419600}.AppStore|ARM.ActiveCfg = Release|Any CPU
		{4BEF57B2-FDC8-451E-97ED-C53B0A419600}.AppStore|ARM.Build.0 = Release|Any CPU
		{4BEF57B2-FDC8-451E-97ED-C53B0A419600}.AppStore|iPhone.ActiveCfg = Release|Any CPU
		{4BEF57B2-FDC8-451E-97ED-C53B0A419600}.AppStore|iPhone.Build.0 = Release|Any CPU
		{4BEF57B2-FDC8-451E-97ED-C53B0A419600}.AppStore|iPhoneSimulator.ActiveCfg = Release|Any CPU
		{4BEF57B2-FDC8-451E-97ED-C53B0A419600}.AppStore|iPhoneSimulator.Build.0 = Release|Any CPU
		{4BEF57B2-FDC8-451E-97ED-C53B0A419600}.AppStore|x64.ActiveCfg = Release|Any CPU
		{4BEF57B2-FDC8-451E-97ED-C53B0A419600}.AppStore|x64.Build.0 = Release|Any CPU
		{4BEF57B2-FDC8-451E-97ED-C53B0A419600}.AppStore|x86.ActiveCfg = Release|Any CPU
		{4BEF57B2-FDC8-451E-97ED-C53B0A419600}.AppStore|x86.Build.0 = Release|Any CPU
		{4BEF57B2-FDC8-451E-97ED-C53B0A419600}.Debug|Any CPU.ActiveCfg = Debug|Any CPU
		{4BEF57B2-FDC8-451E-97ED-C53B0A419600}.Debug|Any CPU.Build.0 = Debug|Any CPU
		{4BEF57B2-FDC8-451E-97ED-C53B0A419600}.Debug|ARM.ActiveCfg = Debug|Any CPU
		{4BEF57B2-FDC8-451E-97ED-C53B0A419600}.Debug|ARM.Build.0 = Debug|Any CPU
		{4BEF57B2-FDC8-451E-97ED-C53B0A419600}.Debug|iPhone.ActiveCfg = Debug|Any CPU
		{4BEF57B2-FDC8-451E-97ED-C53B0A419600}.Debug|iPhone.Build.0 = Debug|Any CPU
		{4BEF57B2-FDC8-451E-97ED-C53B0A419600}.Debug|iPhoneSimulator.ActiveCfg = Debug|Any CPU
		{4BEF57B2-FDC8-451E-97ED-C53B0A419600}.Debug|iPhoneSimulator.Build.0 = Debug|Any CPU
		{4BEF57B2-FDC8-451E-97ED-C53B0A419600}.Debug|x64.ActiveCfg = Debug|Any CPU
		{4BEF57B2-FDC8-451E-97ED-C53B0A419600}.Debug|x64.Build.0 = Debug|Any CPU
		{4BEF57B2-FDC8-451E-97ED-C53B0A419600}.Debug|x86.ActiveCfg = Debug|Any CPU
		{4BEF57B2-FDC8-451E-97ED-C53B0A419600}.Debug|x86.Build.0 = Debug|Any CPU
		{4BEF57B2-FDC8-451E-97ED-C53B0A419600}.Release|Any CPU.ActiveCfg = Release|Any CPU
		{4BEF57B2-FDC8-451E-97ED-C53B0A419600}.Release|Any CPU.Build.0 = Release|Any CPU
		{4BEF57B2-FDC8-451E-97ED-C53B0A419600}.Release|ARM.ActiveCfg = Release|Any CPU
		{4BEF57B2-FDC8-451E-97ED-C53B0A419600}.Release|ARM.Build.0 = Release|Any CPU
		{4BEF57B2-FDC8-451E-97ED-C53B0A419600}.Release|iPhone.ActiveCfg = Release|Any CPU
		{4BEF57B2-FDC8-451E-97ED-C53B0A419600}.Release|iPhone.Build.0 = Release|Any CPU
		{4BEF57B2-FDC8-451E-97ED-C53B0A419600}.Release|iPhoneSimulator.ActiveCfg = Release|Any CPU
		{4BEF57B2-FDC8-451E-97ED-C53B0A419600}.Release|iPhoneSimulator.Build.0 = Release|Any CPU
		{4BEF57B2-FDC8-451E-97ED-C53B0A419600}.Release|x64.ActiveCfg = Release|Any CPU
		{4BEF57B2-FDC8-451E-97ED-C53B0A419600}.Release|x64.Build.0 = Release|Any CPU
		{4BEF57B2-FDC8-451E-97ED-C53B0A419600}.Release|x86.ActiveCfg = Release|Any CPU
		{4BEF57B2-FDC8-451E-97ED-C53B0A419600}.Release|x86.Build.0 = Release|Any CPU
	EndGlobalSection
	GlobalSection(SolutionProperties) = preSolution
		HideSolutionNode = FALSE
	EndGlobalSection
	GlobalSection(NestedProjects) = preSolution
		{4C3A1356-7AB2-4AED-BD57-03311D0B2AF4} = {BB3F8074-2150-4C01-A68B-53A9F9EE9752}
		{35E63F5B-7628-46FA-B240-A9D97DE6929B} = {BB3F8074-2150-4C01-A68B-53A9F9EE9752}
		{D67D4ECF-C31E-429A-AA2E-3DA8158584D5} = {BB3F8074-2150-4C01-A68B-53A9F9EE9752}
		{8AF44EA8-C3DA-459C-A5CB-DED2A5DA500A} = {867104FB-11EF-4B41-98C9-D707108DF556}
		{C2FFFFF2-1640-42EA-94AC-F01519038B93} = {867104FB-11EF-4B41-98C9-D707108DF556}
		{E3C53C66-2B72-4FAD-B368-A03C0044BBD7} = {867104FB-11EF-4B41-98C9-D707108DF556}
	EndGlobalSection
	GlobalSection(MonoDevelopProperties) = preSolution
		Policies = $0
		$0.DotNetNamingPolicy = $1
		$1.DirectoryNamespaceAssociation = None
		$1.ResourceNamePolicy = FileFormatDefault
	EndGlobalSection
EndGlobal
